
Microsoft Visual Studio Solution File, Format Version 12.00
# Visual Studio 15
VisualStudioVersion = 15.0.27428.2015
MinimumVisualStudioVersion = 10.0.40219.1
Project("{FAE04EC0-301F-11D3-BF4B-00C04F79EFBC}") = "Tuple", "Tuple\Tuple.csproj", "{614CD6F4-7438-4CDC-BE5B-DD5A398555BF}"
EndProject
Global
	GlobalSection(SolutionConfigurationPlatforms) = preSolution
		Debug|Any CPU = Debug|Any CPU
		Release|Any CPU = Release|Any CPU
	EndGlobalSection
	GlobalSection(ProjectConfigurationPlatforms) = postSolution
		{614CD6F4-7438-4CDC-BE5B-DD5A398555BF}.Debug|Any CPU.ActiveCfg = Debug|Any CPU
		{614CD6F4-7438-4CDC-BE5B-DD5A398555BF}.Debug|Any CPU.Build.0 = Debug|Any CPU
		{614CD6F4-7438-4CDC-BE5B-DD5A398555BF}.Release|Any CPU.ActiveCfg = Release|Any CPU
		{614CD6F4-7438-4CDC-BE5B-DD5A398555BF}.Release|Any CPU.Build.0 = Release|Any CPU
	EndGlobalSection
	GlobalSection(SolutionProperties) = preSolution
		HideSolutionNode = FALSE
	EndGlobalSection
	GlobalSection(ExtensibilityGlobals) = postSolution
		SolutionGuid = {84C525CE-15A4-45C7-85AC-661355409921}
	EndGlobalSection
EndGlobal
