
Microsoft Visual Studio Solution File, Format Version 12.00
# Visual Studio 15
VisualStudioVersion = 15.0.26430.6
MinimumVisualStudioVersion = 10.0.40219.1
Project("{FAE04EC0-301F-11D3-BF4B-00C04F79EFBC}") = "02.CountOfNegativeElementsInArray", "02.CountOfNegativeElementsInArray\02.CountOfNegativeElementsInArray.csproj", "{F8DCC869-7AF0-4311-9934-D78D7E499113}"
EndProject
Global
	GlobalSection(SolutionConfigurationPlatforms) = preSolution
		Debug|Any CPU = Debug|Any CPU
		Release|Any CPU = Release|Any CPU
	EndGlobalSection
	GlobalSection(ProjectConfigurationPlatforms) = postSolution
		{F8DCC869-7AF0-4311-9934-D78D7E499113}.Debug|Any CPU.ActiveCfg = Debug|Any CPU
		{F8DCC869-7AF0-4311-9934-D78D7E499113}.Debug|Any CPU.Build.0 = Debug|Any CPU
		{F8DCC869-7AF0-4311-9934-D78D7E499113}.Release|Any CPU.ActiveCfg = Release|Any CPU
		{F8DCC869-7AF0-4311-9934-D78D7E499113}.Release|Any CPU.Build.0 = Release|Any CPU
	EndGlobalSection
	GlobalSection(SolutionProperties) = preSolution
		HideSolutionNode = FALSE
	EndGlobalSection
EndGlobal
