
Microsoft Visual Studio Solution File, Format Version 12.00
# Visual Studio 15
VisualStudioVersion = 15.0.26430.6
MinimumVisualStudioVersion = 10.0.40219.1
Project("{FAE04EC0-301F-11D3-BF4B-00C04F79EFBC}") = "05.Boxes", "05.Boxes\05.Boxes.csproj", "{8D920074-C087-436F-85F8-D53DD370F818}"
EndProject
Global
	GlobalSection(SolutionConfigurationPlatforms) = preSolution
		Debug|Any CPU = Debug|Any CPU
		Release|Any CPU = Release|Any CPU
	EndGlobalSection
	GlobalSection(ProjectConfigurationPlatforms) = postSolution
		{8D920074-C087-436F-85F8-D53DD370F818}.Debug|Any CPU.ActiveCfg = Debug|Any CPU
		{8D920074-C087-436F-85F8-D53DD370F818}.Debug|Any CPU.Build.0 = Debug|Any CPU
		{8D920074-C087-436F-85F8-D53DD370F818}.Release|Any CPU.ActiveCfg = Release|Any CPU
		{8D920074-C087-436F-85F8-D53DD370F818}.Release|Any CPU.Build.0 = Release|Any CPU
	EndGlobalSection
	GlobalSection(SolutionProperties) = preSolution
		HideSolutionNode = FALSE
	EndGlobalSection
EndGlobal
