
Microsoft Visual Studio Solution File, Format Version 12.00
# Visual Studio 15
VisualStudioVersion = 15.0.26430.6
MinimumVisualStudioVersion = 10.0.40219.1
Project("{9092AA53-FB77-4645-B42D-1CCCA6BD08BD}") = "06.CompoundInterest", "06.CompoundInterest\06.CompoundInterest.njsproj", "{DCFF03C8-4DC4-4776-9847-1699890A94D6}"
EndProject
Global
	GlobalSection(SolutionConfigurationPlatforms) = preSolution
		Debug|Any CPU = Debug|Any CPU
		Release|Any CPU = Release|Any CPU
	EndGlobalSection
	GlobalSection(ProjectConfigurationPlatforms) = postSolution
		{DCFF03C8-4DC4-4776-9847-1699890A94D6}.Debug|Any CPU.ActiveCfg = Debug|Any CPU
		{DCFF03C8-4DC4-4776-9847-1699890A94D6}.Debug|Any CPU.Build.0 = Debug|Any CPU
		{DCFF03C8-4DC4-4776-9847-1699890A94D6}.Release|Any CPU.ActiveCfg = Release|Any CPU
		{DCFF03C8-4DC4-4776-9847-1699890A94D6}.Release|Any CPU.Build.0 = Release|Any CPU
	EndGlobalSection
	GlobalSection(SolutionProperties) = preSolution
		HideSolutionNode = FALSE
	EndGlobalSection
EndGlobal
