
Microsoft Visual Studio Solution File, Format Version 12.00
# Visual Studio 15
VisualStudioVersion = 15.0.27428.2015
MinimumVisualStudioVersion = 10.0.40219.1
Project("{FAE04EC0-301F-11D3-BF4B-00C04F79EFBC}") = "Library", "Library\Library.csproj", "{4D2C8FFC-6E49-446E-ACF5-F9B8374EEA29}"
EndProject
Global
	GlobalSection(SolutionConfigurationPlatforms) = preSolution
		Debug|Any CPU = Debug|Any CPU
		Release|Any CPU = Release|Any CPU
	EndGlobalSection
	GlobalSection(ProjectConfigurationPlatforms) = postSolution
		{4D2C8FFC-6E49-446E-ACF5-F9B8374EEA29}.Debug|Any CPU.ActiveCfg = Debug|Any CPU
		{4D2C8FFC-6E49-446E-ACF5-F9B8374EEA29}.Debug|Any CPU.Build.0 = Debug|Any CPU
		{4D2C8FFC-6E49-446E-ACF5-F9B8374EEA29}.Release|Any CPU.ActiveCfg = Release|Any CPU
		{4D2C8FFC-6E49-446E-ACF5-F9B8374EEA29}.Release|Any CPU.Build.0 = Release|Any CPU
	EndGlobalSection
	GlobalSection(SolutionProperties) = preSolution
		HideSolutionNode = FALSE
	EndGlobalSection
	GlobalSection(ExtensibilityGlobals) = postSolution
		SolutionGuid = {06BCC49E-F35E-4617-956F-1533F72C769F}
	EndGlobalSection
EndGlobal
