
Microsoft Visual Studio Solution File, Format Version 12.00
# Visual Studio 15
VisualStudioVersion = 15.0.27428.2015
MinimumVisualStudioVersion = 10.0.40219.1
Project("{FAE04EC0-301F-11D3-BF4B-00C04F79EFBC}") = "StrategyPattern", "StrategyPattern\StrategyPattern.csproj", "{8D4335DE-2B7C-45C2-83BA-7F1BC35672B4}"
EndProject
Global
	GlobalSection(SolutionConfigurationPlatforms) = preSolution
		Debug|Any CPU = Debug|Any CPU
		Release|Any CPU = Release|Any CPU
	EndGlobalSection
	GlobalSection(ProjectConfigurationPlatforms) = postSolution
		{8D4335DE-2B7C-45C2-83BA-7F1BC35672B4}.Debug|Any CPU.ActiveCfg = Debug|Any CPU
		{8D4335DE-2B7C-45C2-83BA-7F1BC35672B4}.Debug|Any CPU.Build.0 = Debug|Any CPU
		{8D4335DE-2B7C-45C2-83BA-7F1BC35672B4}.Release|Any CPU.ActiveCfg = Release|Any CPU
		{8D4335DE-2B7C-45C2-83BA-7F1BC35672B4}.Release|Any CPU.Build.0 = Release|Any CPU
	EndGlobalSection
	GlobalSection(SolutionProperties) = preSolution
		HideSolutionNode = FALSE
	EndGlobalSection
	GlobalSection(ExtensibilityGlobals) = postSolution
		SolutionGuid = {83740133-8924-479D-873E-B0DD3EC0F9D1}
	EndGlobalSection
EndGlobal
