
Microsoft Visual Studio Solution File, Format Version 12.00
# Visual Studio 15
VisualStudioVersion = 15.0.26430.6
MinimumVisualStudioVersion = 10.0.40219.1
Project("{9092AA53-FB77-4645-B42D-1CCCA6BD08BD}") = "04.DayOfWeek", "04.DayOfWeek\04.DayOfWeek.njsproj", "{A708CA4F-C7E7-4AF7-90A7-1E961326D6E6}"
EndProject
Global
	GlobalSection(SolutionConfigurationPlatforms) = preSolution
		Debug|Any CPU = Debug|Any CPU
		Release|Any CPU = Release|Any CPU
	EndGlobalSection
	GlobalSection(ProjectConfigurationPlatforms) = postSolution
		{A708CA4F-C7E7-4AF7-90A7-1E961326D6E6}.Debug|Any CPU.ActiveCfg = Debug|Any CPU
		{A708CA4F-C7E7-4AF7-90A7-1E961326D6E6}.Debug|Any CPU.Build.0 = Debug|Any CPU
		{A708CA4F-C7E7-4AF7-90A7-1E961326D6E6}.Release|Any CPU.ActiveCfg = Release|Any CPU
		{A708CA4F-C7E7-4AF7-90A7-1E961326D6E6}.Release|Any CPU.Build.0 = Release|Any CPU
	EndGlobalSection
	GlobalSection(SolutionProperties) = preSolution
		HideSolutionNode = FALSE
	EndGlobalSection
EndGlobal
