
Microsoft Visual Studio Solution File, Format Version 12.00
# Visual Studio 15
VisualStudioVersion = 15.0.28307.539
MinimumVisualStudioVersion = 10.0.40219.1
Project("{FAE04EC0-301F-11D3-BF4B-00C04F79EFBC}") = "SumAndAverage", "SumAndAverage\SumAndAverage.csproj", "{6D16862C-5A5F-4B88-A919-21176CB3AF52}"
EndProject
Project("{FAE04EC0-301F-11D3-BF4B-00C04F79EFBC}") = "SortWords", "SortWords\SortWords.csproj", "{AAC98547-47FF-4985-83BC-141A45C84550}"
EndProject
Project("{FAE04EC0-301F-11D3-BF4B-00C04F79EFBC}") = "LongestSubsequence", "LongestSubsequence\LongestSubsequence.csproj", "{F0C2DD31-73C9-40B9-AC7E-861D29331023}"
EndProject
Project("{FAE04EC0-301F-11D3-BF4B-00C04F79EFBC}") = "RemoveOddOccurrences", "RemoveOddOccurrences\RemoveOddOccurrences.csproj", "{82866D03-2044-40E3-A004-B0A438E4661E}"
EndProject
Project("{FAE04EC0-301F-11D3-BF4B-00C04F79EFBC}") = "CountOfOccurrences", "CountOfOccurrences\CountOfOccurrences.csproj", "{CFB68069-ABAD-4B30-9A1F-B3CD61C3EED7}"
EndProject
Project("{FAE04EC0-301F-11D3-BF4B-00C04F79EFBC}") = "ReversedList", "ReversedList\ReversedList.csproj", "{14A33A28-D2F7-4FBC-B51D-92739A6602EB}"
EndProject
Project("{FAE04EC0-301F-11D3-BF4B-00C04F79EFBC}") = "DoublyLinkedList", "DoublyLinkedList\DoublyLinkedList.csproj", "{9F7BA2F1-5C49-4020-B621-E05263572FB7}"
EndProject
Global
	GlobalSection(SolutionConfigurationPlatforms) = preSolution
		Debug|Any CPU = Debug|Any CPU
		Release|Any CPU = Release|Any CPU
	EndGlobalSection
	GlobalSection(ProjectConfigurationPlatforms) = postSolution
		{6D16862C-5A5F-4B88-A919-21176CB3AF52}.Debug|Any CPU.ActiveCfg = Debug|Any CPU
		{6D16862C-5A5F-4B88-A919-21176CB3AF52}.Debug|Any CPU.Build.0 = Debug|Any CPU
		{6D16862C-5A5F-4B88-A919-21176CB3AF52}.Release|Any CPU.ActiveCfg = Release|Any CPU
		{6D16862C-5A5F-4B88-A919-21176CB3AF52}.Release|Any CPU.Build.0 = Release|Any CPU
		{AAC98547-47FF-4985-83BC-141A45C84550}.Debug|Any CPU.ActiveCfg = Debug|Any CPU
		{AAC98547-47FF-4985-83BC-141A45C84550}.Debug|Any CPU.Build.0 = Debug|Any CPU
		{AAC98547-47FF-4985-83BC-141A45C84550}.Release|Any CPU.ActiveCfg = Release|Any CPU
		{AAC98547-47FF-4985-83BC-141A45C84550}.Release|Any CPU.Build.0 = Release|Any CPU
		{F0C2DD31-73C9-40B9-AC7E-861D29331023}.Debug|Any CPU.ActiveCfg = Debug|Any CPU
		{F0C2DD31-73C9-40B9-AC7E-861D29331023}.Debug|Any CPU.Build.0 = Debug|Any CPU
		{F0C2DD31-73C9-40B9-AC7E-861D29331023}.Release|Any CPU.ActiveCfg = Release|Any CPU
		{F0C2DD31-73C9-40B9-AC7E-861D29331023}.Release|Any CPU.Build.0 = Release|Any CPU
		{82866D03-2044-40E3-A004-B0A438E4661E}.Debug|Any CPU.ActiveCfg = Debug|Any CPU
		{82866D03-2044-40E3-A004-B0A438E4661E}.Debug|Any CPU.Build.0 = Debug|Any CPU
		{82866D03-2044-40E3-A004-B0A438E4661E}.Release|Any CPU.ActiveCfg = Release|Any CPU
		{82866D03-2044-40E3-A004-B0A438E4661E}.Release|Any CPU.Build.0 = Release|Any CPU
		{CFB68069-ABAD-4B30-9A1F-B3CD61C3EED7}.Debug|Any CPU.ActiveCfg = Debug|Any CPU
		{CFB68069-ABAD-4B30-9A1F-B3CD61C3EED7}.Debug|Any CPU.Build.0 = Debug|Any CPU
		{CFB68069-ABAD-4B30-9A1F-B3CD61C3EED7}.Release|Any CPU.ActiveCfg = Release|Any CPU
		{CFB68069-ABAD-4B30-9A1F-B3CD61C3EED7}.Release|Any CPU.Build.0 = Release|Any CPU
		{14A33A28-D2F7-4FBC-B51D-92739A6602EB}.Debug|Any CPU.ActiveCfg = Debug|Any CPU
		{14A33A28-D2F7-4FBC-B51D-92739A6602EB}.Debug|Any CPU.Build.0 = Debug|Any CPU
		{14A33A28-D2F7-4FBC-B51D-92739A6602EB}.Release|Any CPU.ActiveCfg = Release|Any CPU
		{14A33A28-D2F7-4FBC-B51D-92739A6602EB}.Release|Any CPU.Build.0 = Release|Any CPU
		{9F7BA2F1-5C49-4020-B621-E05263572FB7}.Debug|Any CPU.ActiveCfg = Debug|Any CPU
		{9F7BA2F1-5C49-4020-B621-E05263572FB7}.Debug|Any CPU.Build.0 = Debug|Any CPU
		{9F7BA2F1-5C49-4020-B621-E05263572FB7}.Release|Any CPU.ActiveCfg = Release|Any CPU
		{9F7BA2F1-5C49-4020-B621-E05263572FB7}.Release|Any CPU.Build.0 = Release|Any CPU
	EndGlobalSection
	GlobalSection(SolutionProperties) = preSolution
		HideSolutionNode = FALSE
	EndGlobalSection
	GlobalSection(ExtensibilityGlobals) = postSolution
		SolutionGuid = {7B105123-AB02-4F6D-B86B-8D3A601C9565}
	EndGlobalSection
EndGlobal
