
Microsoft Visual Studio Solution File, Format Version 12.00
# Visual Studio 15
VisualStudioVersion = 15.0.27004.2005
MinimumVisualStudioVersion = 10.0.40219.1
Project("{FAE04EC0-301F-11D3-BF4B-00C04F79EFBC}") = "StreamProgress", "StreamProgress\StreamProgress.csproj", "{946F670B-1058-4947-9D70-1033176B55C3}"
EndProject
Global
	GlobalSection(SolutionConfigurationPlatforms) = preSolution
		Debug|Any CPU = Debug|Any CPU
		Release|Any CPU = Release|Any CPU
	EndGlobalSection
	GlobalSection(ProjectConfigurationPlatforms) = postSolution
		{946F670B-1058-4947-9D70-1033176B55C3}.Debug|Any CPU.ActiveCfg = Debug|Any CPU
		{946F670B-1058-4947-9D70-1033176B55C3}.Debug|Any CPU.Build.0 = Debug|Any CPU
		{946F670B-1058-4947-9D70-1033176B55C3}.Release|Any CPU.ActiveCfg = Release|Any CPU
		{946F670B-1058-4947-9D70-1033176B55C3}.Release|Any CPU.Build.0 = Release|Any CPU
	EndGlobalSection
	GlobalSection(SolutionProperties) = preSolution
		HideSolutionNode = FALSE
	EndGlobalSection
	GlobalSection(ExtensibilityGlobals) = postSolution
		SolutionGuid = {E7F8D9DE-2CA0-4346-B4BD-D56CAB017A69}
	EndGlobalSection
EndGlobal
