
Microsoft Visual Studio Solution File, Format Version 12.00
# Visual Studio 15
VisualStudioVersion = 15.0.27428.2015
MinimumVisualStudioVersion = 10.0.40219.1
Project("{FAE04EC0-301F-11D3-BF4B-00C04F79EFBC}") = "P01_HospitalDatabase", "P01_HospitalDatabase\P01_HospitalDatabase.csproj", "{248B7AA7-F586-4CEC-9A07-33BF0068BE80}"
EndProject
Global
	GlobalSection(SolutionConfigurationPlatforms) = preSolution
		Debug|Any CPU = Debug|Any CPU
		Release|Any CPU = Release|Any CPU
	EndGlobalSection
	GlobalSection(ProjectConfigurationPlatforms) = postSolution
		{248B7AA7-F586-4CEC-9A07-33BF0068BE80}.Debug|Any CPU.ActiveCfg = Debug|Any CPU
		{248B7AA7-F586-4CEC-9A07-33BF0068BE80}.Debug|Any CPU.Build.0 = Debug|Any CPU
		{248B7AA7-F586-4CEC-9A07-33BF0068BE80}.Release|Any CPU.ActiveCfg = Release|Any CPU
		{248B7AA7-F586-4CEC-9A07-33BF0068BE80}.Release|Any CPU.Build.0 = Release|Any CPU
	EndGlobalSection
	GlobalSection(SolutionProperties) = preSolution
		HideSolutionNode = FALSE
	EndGlobalSection
	GlobalSection(ExtensibilityGlobals) = postSolution
		SolutionGuid = {BC7F6FE5-7CCF-49D1-8E8B-F0A5861DC3E2}
	EndGlobalSection
EndGlobal
