
Microsoft Visual Studio Solution File, Format Version 12.00
# Visual Studio 15
VisualStudioVersion = 15.0.26430.16
MinimumVisualStudioVersion = 10.0.40219.1
Project("{FAE04EC0-301F-11D3-BF4B-00C04F79EFBC}") = "09.TeamworkProjects", "09.TeamworkProjects\09.TeamworkProjects.csproj", "{DC2D004E-7925-4FB5-B1CE-B16D5CD705AF}"
EndProject
Global
	GlobalSection(SolutionConfigurationPlatforms) = preSolution
		Debug|Any CPU = Debug|Any CPU
		Release|Any CPU = Release|Any CPU
	EndGlobalSection
	GlobalSection(ProjectConfigurationPlatforms) = postSolution
		{DC2D004E-7925-4FB5-B1CE-B16D5CD705AF}.Debug|Any CPU.ActiveCfg = Debug|Any CPU
		{DC2D004E-7925-4FB5-B1CE-B16D5CD705AF}.Debug|Any CPU.Build.0 = Debug|Any CPU
		{DC2D004E-7925-4FB5-B1CE-B16D5CD705AF}.Release|Any CPU.ActiveCfg = Release|Any CPU
		{DC2D004E-7925-4FB5-B1CE-B16D5CD705AF}.Release|Any CPU.Build.0 = Release|Any CPU
	EndGlobalSection
	GlobalSection(SolutionProperties) = preSolution
		HideSolutionNode = FALSE
	EndGlobalSection
EndGlobal
