
Microsoft Visual Studio Solution File, Format Version 12.00
# Visual Studio 15
VisualStudioVersion = 15.0.27428.2015
MinimumVisualStudioVersion = 10.0.40219.1
Project("{FAE04EC0-301F-11D3-BF4B-00C04F79EFBC}") = "InfernoInfinity", "InfernoInfinity\InfernoInfinity.csproj", "{D265EFB2-2B99-48E3-AD6C-DCE42B256639}"
EndProject
Global
	GlobalSection(SolutionConfigurationPlatforms) = preSolution
		Debug|Any CPU = Debug|Any CPU
		Release|Any CPU = Release|Any CPU
	EndGlobalSection
	GlobalSection(ProjectConfigurationPlatforms) = postSolution
		{D265EFB2-2B99-48E3-AD6C-DCE42B256639}.Debug|Any CPU.ActiveCfg = Debug|Any CPU
		{D265EFB2-2B99-48E3-AD6C-DCE42B256639}.Debug|Any CPU.Build.0 = Debug|Any CPU
		{D265EFB2-2B99-48E3-AD6C-DCE42B256639}.Release|Any CPU.ActiveCfg = Release|Any CPU
		{D265EFB2-2B99-48E3-AD6C-DCE42B256639}.Release|Any CPU.Build.0 = Release|Any CPU
	EndGlobalSection
	GlobalSection(SolutionProperties) = preSolution
		HideSolutionNode = FALSE
	EndGlobalSection
	GlobalSection(ExtensibilityGlobals) = postSolution
		SolutionGuid = {1C0BC764-257A-48FE-91E5-E81AB47142AA}
	EndGlobalSection
EndGlobal
