
Microsoft Visual Studio Solution File, Format Version 12.00
# Visual Studio 15
VisualStudioVersion = 15.0.26430.6
MinimumVisualStudioVersion = 10.0.40219.1
Project("{9092AA53-FB77-4645-B42D-1CCCA6BD08BD}") = "05.StringOfNumbersOneToN", "05.StringOfNumbersOneToN\05.StringOfNumbersOneToN.njsproj", "{FCDB2CB6-8225-4703-8290-939586BC56B6}"
EndProject
Global
	GlobalSection(SolutionConfigurationPlatforms) = preSolution
		Debug|Any CPU = Debug|Any CPU
		Release|Any CPU = Release|Any CPU
	EndGlobalSection
	GlobalSection(ProjectConfigurationPlatforms) = postSolution
		{FCDB2CB6-8225-4703-8290-939586BC56B6}.Debug|Any CPU.ActiveCfg = Debug|Any CPU
		{FCDB2CB6-8225-4703-8290-939586BC56B6}.Debug|Any CPU.Build.0 = Debug|Any CPU
		{FCDB2CB6-8225-4703-8290-939586BC56B6}.Release|Any CPU.ActiveCfg = Release|Any CPU
		{FCDB2CB6-8225-4703-8290-939586BC56B6}.Release|Any CPU.Build.0 = Release|Any CPU
	EndGlobalSection
	GlobalSection(SolutionProperties) = preSolution
		HideSolutionNode = FALSE
	EndGlobalSection
EndGlobal
