
Microsoft Visual Studio Solution File, Format Version 12.00
# Visual Studio 15
VisualStudioVersion = 15.0.27428.2015
MinimumVisualStudioVersion = 10.0.40219.1
Project("{9A19103F-16F7-4668-BE54-9A1E7A4F7556}") = "BookShop", "BookShop.StartUp\BookShop.csproj", "{13EAD936-AAB2-43CF-9EA7-1DDE815FD7D4}"
EndProject
Project("{9A19103F-16F7-4668-BE54-9A1E7A4F7556}") = "BookShop.Data", "BookShop.Data\BookShop.Data.csproj", "{29000239-D8D7-4A22-8361-9B5B99C87652}"
EndProject
Project("{9A19103F-16F7-4668-BE54-9A1E7A4F7556}") = "BookShop.Models", "BookShop.Models\BookShop.Models.csproj", "{7EA8314F-FDA3-433C-B8B4-EB653A5D178A}"
EndProject
Project("{9A19103F-16F7-4668-BE54-9A1E7A4F7556}") = "BookShop.Initializer", "BookShop.Initializer\BookShop.Initializer.csproj", "{0BF86250-1252-4FE0-8D5A-2751E0280166}"
EndProject
Project("{FAE04EC0-301F-11D3-BF4B-00C04F79EFBC}") = "BookShop.Core", "BookShop.Core\BookShop.Core.csproj", "{3ABA4449-85E5-4BBB-81D1-02CFE77F50E4}"
EndProject
Global
	GlobalSection(SolutionConfigurationPlatforms) = preSolution
		Debug|Any CPU = Debug|Any CPU
		Release|Any CPU = Release|Any CPU
	EndGlobalSection
	GlobalSection(ProjectConfigurationPlatforms) = postSolution
		{13EAD936-AAB2-43CF-9EA7-1DDE815FD7D4}.Debug|Any CPU.ActiveCfg = Debug|Any CPU
		{13EAD936-AAB2-43CF-9EA7-1DDE815FD7D4}.Debug|Any CPU.Build.0 = Debug|Any CPU
		{13EAD936-AAB2-43CF-9EA7-1DDE815FD7D4}.Release|Any CPU.ActiveCfg = Release|Any CPU
		{13EAD936-AAB2-43CF-9EA7-1DDE815FD7D4}.Release|Any CPU.Build.0 = Release|Any CPU
		{29000239-D8D7-4A22-8361-9B5B99C87652}.Debug|Any CPU.ActiveCfg = Debug|Any CPU
		{29000239-D8D7-4A22-8361-9B5B99C87652}.Debug|Any CPU.Build.0 = Debug|Any CPU
		{29000239-D8D7-4A22-8361-9B5B99C87652}.Release|Any CPU.ActiveCfg = Release|Any CPU
		{29000239-D8D7-4A22-8361-9B5B99C87652}.Release|Any CPU.Build.0 = Release|Any CPU
		{7EA8314F-FDA3-433C-B8B4-EB653A5D178A}.Debug|Any CPU.ActiveCfg = Debug|Any CPU
		{7EA8314F-FDA3-433C-B8B4-EB653A5D178A}.Debug|Any CPU.Build.0 = Debug|Any CPU
		{7EA8314F-FDA3-433C-B8B4-EB653A5D178A}.Release|Any CPU.ActiveCfg = Release|Any CPU
		{7EA8314F-FDA3-433C-B8B4-EB653A5D178A}.Release|Any CPU.Build.0 = Release|Any CPU
		{0BF86250-1252-4FE0-8D5A-2751E0280166}.Debug|Any CPU.ActiveCfg = Debug|Any CPU
		{0BF86250-1252-4FE0-8D5A-2751E0280166}.Debug|Any CPU.Build.0 = Debug|Any CPU
		{0BF86250-1252-4FE0-8D5A-2751E0280166}.Release|Any CPU.ActiveCfg = Release|Any CPU
		{0BF86250-1252-4FE0-8D5A-2751E0280166}.Release|Any CPU.Build.0 = Release|Any CPU
		{3ABA4449-85E5-4BBB-81D1-02CFE77F50E4}.Debug|Any CPU.ActiveCfg = Debug|Any CPU
		{3ABA4449-85E5-4BBB-81D1-02CFE77F50E4}.Debug|Any CPU.Build.0 = Debug|Any CPU
		{3ABA4449-85E5-4BBB-81D1-02CFE77F50E4}.Release|Any CPU.ActiveCfg = Release|Any CPU
		{3ABA4449-85E5-4BBB-81D1-02CFE77F50E4}.Release|Any CPU.Build.0 = Release|Any CPU
	EndGlobalSection
	GlobalSection(SolutionProperties) = preSolution
		HideSolutionNode = FALSE
	EndGlobalSection
	GlobalSection(ExtensibilityGlobals) = postSolution
		SolutionGuid = {82A44E91-FE75-4BF3-A4CE-AA813C5B949C}
	EndGlobalSection
EndGlobal
