
Microsoft Visual Studio Solution File, Format Version 12.00
# Visual Studio 15
VisualStudioVersion = 15.0.27004.2005
MinimumVisualStudioVersion = 10.0.40219.1
Project("{FAE04EC0-301F-11D3-BF4B-00C04F79EFBC}") = "OddLines", "OddLines\OddLines.csproj", "{AC9092F6-8DAF-4F7B-B39E-EA2780813611}"
EndProject
Global
	GlobalSection(SolutionConfigurationPlatforms) = preSolution
		Debug|Any CPU = Debug|Any CPU
		Release|Any CPU = Release|Any CPU
	EndGlobalSection
	GlobalSection(ProjectConfigurationPlatforms) = postSolution
		{AC9092F6-8DAF-4F7B-B39E-EA2780813611}.Debug|Any CPU.ActiveCfg = Debug|Any CPU
		{AC9092F6-8DAF-4F7B-B39E-EA2780813611}.Debug|Any CPU.Build.0 = Debug|Any CPU
		{AC9092F6-8DAF-4F7B-B39E-EA2780813611}.Release|Any CPU.ActiveCfg = Release|Any CPU
		{AC9092F6-8DAF-4F7B-B39E-EA2780813611}.Release|Any CPU.Build.0 = Release|Any CPU
	EndGlobalSection
	GlobalSection(SolutionProperties) = preSolution
		HideSolutionNode = FALSE
	EndGlobalSection
	GlobalSection(ExtensibilityGlobals) = postSolution
		SolutionGuid = {6AA4458B-11D0-4519-92D0-0B2CC5E3EBC3}
	EndGlobalSection
EndGlobal
