
Microsoft Visual Studio Solution File, Format Version 12.00
# Visual Studio 15
VisualStudioVersion = 15.0.26430.6
MinimumVisualStudioVersion = 10.0.40219.1
Project("{FAE04EC0-301F-11D3-BF4B-00C04F79EFBC}") = "01.HelloName", "01.HelloName\01.HelloName.csproj", "{F7DEDEDC-F805-4822-857A-F08C9E4F5562}"
EndProject
Global
	GlobalSection(SolutionConfigurationPlatforms) = preSolution
		Debug|Any CPU = Debug|Any CPU
		Release|Any CPU = Release|Any CPU
	EndGlobalSection
	GlobalSection(ProjectConfigurationPlatforms) = postSolution
		{F7DEDEDC-F805-4822-857A-F08C9E4F5562}.Debug|Any CPU.ActiveCfg = Debug|Any CPU
		{F7DEDEDC-F805-4822-857A-F08C9E4F5562}.Debug|Any CPU.Build.0 = Debug|Any CPU
		{F7DEDEDC-F805-4822-857A-F08C9E4F5562}.Release|Any CPU.ActiveCfg = Release|Any CPU
		{F7DEDEDC-F805-4822-857A-F08C9E4F5562}.Release|Any CPU.Build.0 = Release|Any CPU
	EndGlobalSection
	GlobalSection(SolutionProperties) = preSolution
		HideSolutionNode = FALSE
	EndGlobalSection
EndGlobal
