
Microsoft Visual Studio Solution File, Format Version 12.00
# Visual Studio 15
VisualStudioVersion = 15.0.27004.2005
MinimumVisualStudioVersion = 10.0.40219.1
Project("{FAE04EC0-301F-11D3-BF4B-00C04F79EFBC}") = "DefineAnInterfaceIPerson", "DefineAnInterfaceIPerson\DefineAnInterfaceIPerson.csproj", "{C5DC5608-FD3E-4F6D-8292-2C9F76C46B62}"
EndProject
Global
	GlobalSection(SolutionConfigurationPlatforms) = preSolution
		Debug|Any CPU = Debug|Any CPU
		Release|Any CPU = Release|Any CPU
	EndGlobalSection
	GlobalSection(ProjectConfigurationPlatforms) = postSolution
		{C5DC5608-FD3E-4F6D-8292-2C9F76C46B62}.Debug|Any CPU.ActiveCfg = Debug|Any CPU
		{C5DC5608-FD3E-4F6D-8292-2C9F76C46B62}.Debug|Any CPU.Build.0 = Debug|Any CPU
		{C5DC5608-FD3E-4F6D-8292-2C9F76C46B62}.Release|Any CPU.ActiveCfg = Release|Any CPU
		{C5DC5608-FD3E-4F6D-8292-2C9F76C46B62}.Release|Any CPU.Build.0 = Release|Any CPU
	EndGlobalSection
	GlobalSection(SolutionProperties) = preSolution
		HideSolutionNode = FALSE
	EndGlobalSection
	GlobalSection(ExtensibilityGlobals) = postSolution
		SolutionGuid = {845EC882-AA82-422A-96DA-1B83499D64D1}
	EndGlobalSection
EndGlobal
