
Microsoft Visual Studio Solution File, Format Version 12.00
# Visual Studio 15
VisualStudioVersion = 15.0.27428.2015
MinimumVisualStudioVersion = 10.0.40219.1
Project("{FAE04EC0-301F-11D3-BF4B-00C04F79EFBC}") = "Listy", "Listy\Listy.csproj", "{5EDDFE13-2B0A-4F1D-AEAB-B7881DF87DEA}"
EndProject
Global
	GlobalSection(SolutionConfigurationPlatforms) = preSolution
		Debug|Any CPU = Debug|Any CPU
		Release|Any CPU = Release|Any CPU
	EndGlobalSection
	GlobalSection(ProjectConfigurationPlatforms) = postSolution
		{5EDDFE13-2B0A-4F1D-AEAB-B7881DF87DEA}.Debug|Any CPU.ActiveCfg = Debug|Any CPU
		{5EDDFE13-2B0A-4F1D-AEAB-B7881DF87DEA}.Debug|Any CPU.Build.0 = Debug|Any CPU
		{5EDDFE13-2B0A-4F1D-AEAB-B7881DF87DEA}.Release|Any CPU.ActiveCfg = Release|Any CPU
		{5EDDFE13-2B0A-4F1D-AEAB-B7881DF87DEA}.Release|Any CPU.Build.0 = Release|Any CPU
	EndGlobalSection
	GlobalSection(SolutionProperties) = preSolution
		HideSolutionNode = FALSE
	EndGlobalSection
	GlobalSection(ExtensibilityGlobals) = postSolution
		SolutionGuid = {C796A67F-4EA2-4B8E-BCCC-EA2ED2F9D820}
	EndGlobalSection
EndGlobal
