
Microsoft Visual Studio Solution File, Format Version 12.00
# Visual Studio 15
VisualStudioVersion = 15.0.26430.6
MinimumVisualStudioVersion = 10.0.40219.1
Project("{9092AA53-FB77-4645-B42D-1CCCA6BD08BD}") = "02.BoxesAndBottles", "02.BoxesAndBottles\02.BoxesAndBottles.njsproj", "{B3AE9ACD-9A2F-46B7-956C-140E626EEB42}"
EndProject
Global
	GlobalSection(SolutionConfigurationPlatforms) = preSolution
		Debug|Any CPU = Debug|Any CPU
		Release|Any CPU = Release|Any CPU
	EndGlobalSection
	GlobalSection(ProjectConfigurationPlatforms) = postSolution
		{B3AE9ACD-9A2F-46B7-956C-140E626EEB42}.Debug|Any CPU.ActiveCfg = Debug|Any CPU
		{B3AE9ACD-9A2F-46B7-956C-140E626EEB42}.Debug|Any CPU.Build.0 = Debug|Any CPU
		{B3AE9ACD-9A2F-46B7-956C-140E626EEB42}.Release|Any CPU.ActiveCfg = Release|Any CPU
		{B3AE9ACD-9A2F-46B7-956C-140E626EEB42}.Release|Any CPU.Build.0 = Release|Any CPU
	EndGlobalSection
	GlobalSection(SolutionProperties) = preSolution
		HideSolutionNode = FALSE
	EndGlobalSection
EndGlobal
