
Microsoft Visual Studio Solution File, Format Version 12.00
# Visual Studio 15
VisualStudioVersion = 15.0.26430.6
MinimumVisualStudioVersion = 10.0.40219.1
Project("{9092AA53-FB77-4645-B42D-1CCCA6BD08BD}") = "13.LastMonth", "13.LastMonth\13.LastMonth.njsproj", "{861616B5-2DE2-4526-A4E5-2F9AA9D2C68B}"
EndProject
Global
	GlobalSection(SolutionConfigurationPlatforms) = preSolution
		Debug|Any CPU = Debug|Any CPU
		Release|Any CPU = Release|Any CPU
	EndGlobalSection
	GlobalSection(ProjectConfigurationPlatforms) = postSolution
		{861616B5-2DE2-4526-A4E5-2F9AA9D2C68B}.Debug|Any CPU.ActiveCfg = Debug|Any CPU
		{861616B5-2DE2-4526-A4E5-2F9AA9D2C68B}.Debug|Any CPU.Build.0 = Debug|Any CPU
		{861616B5-2DE2-4526-A4E5-2F9AA9D2C68B}.Release|Any CPU.ActiveCfg = Release|Any CPU
		{861616B5-2DE2-4526-A4E5-2F9AA9D2C68B}.Release|Any CPU.Build.0 = Release|Any CPU
	EndGlobalSection
	GlobalSection(SolutionProperties) = preSolution
		HideSolutionNode = FALSE
	EndGlobalSection
EndGlobal
