
Microsoft Visual Studio Solution File, Format Version 12.00
# Visual Studio 15
VisualStudioVersion = 15.0.26430.6
MinimumVisualStudioVersion = 10.0.40219.1
Project("{9092AA53-FB77-4645-B42D-1CCCA6BD08BD}") = "01.HelloJavaScript", "01.HelloJavaScript\01.HelloJavaScript.njsproj", "{79323C7B-15C4-4894-8315-5EC3D3B72BAF}"
EndProject
Global
	GlobalSection(SolutionConfigurationPlatforms) = preSolution
		Debug|Any CPU = Debug|Any CPU
		Release|Any CPU = Release|Any CPU
	EndGlobalSection
	GlobalSection(ProjectConfigurationPlatforms) = postSolution
		{79323C7B-15C4-4894-8315-5EC3D3B72BAF}.Debug|Any CPU.ActiveCfg = Debug|Any CPU
		{79323C7B-15C4-4894-8315-5EC3D3B72BAF}.Debug|Any CPU.Build.0 = Debug|Any CPU
		{79323C7B-15C4-4894-8315-5EC3D3B72BAF}.Release|Any CPU.ActiveCfg = Release|Any CPU
		{79323C7B-15C4-4894-8315-5EC3D3B72BAF}.Release|Any CPU.Build.0 = Release|Any CPU
	EndGlobalSection
	GlobalSection(SolutionProperties) = preSolution
		HideSolutionNode = FALSE
	EndGlobalSection
EndGlobal
