
Microsoft Visual Studio Solution File, Format Version 12.00
# Visual Studio 15
VisualStudioVersion = 15.0.27004.2005
MinimumVisualStudioVersion = 10.0.40219.1
Project("{FAE04EC0-301F-11D3-BF4B-00C04F79EFBC}") = "WordCount", "WordCount\WordCount.csproj", "{24ABDA49-8229-4097-B5FD-FF2003DE1E7C}"
EndProject
Global
	GlobalSection(SolutionConfigurationPlatforms) = preSolution
		Debug|Any CPU = Debug|Any CPU
		Release|Any CPU = Release|Any CPU
	EndGlobalSection
	GlobalSection(ProjectConfigurationPlatforms) = postSolution
		{24ABDA49-8229-4097-B5FD-FF2003DE1E7C}.Debug|Any CPU.ActiveCfg = Debug|Any CPU
		{24ABDA49-8229-4097-B5FD-FF2003DE1E7C}.Debug|Any CPU.Build.0 = Debug|Any CPU
		{24ABDA49-8229-4097-B5FD-FF2003DE1E7C}.Release|Any CPU.ActiveCfg = Release|Any CPU
		{24ABDA49-8229-4097-B5FD-FF2003DE1E7C}.Release|Any CPU.Build.0 = Release|Any CPU
	EndGlobalSection
	GlobalSection(SolutionProperties) = preSolution
		HideSolutionNode = FALSE
	EndGlobalSection
	GlobalSection(ExtensibilityGlobals) = postSolution
		SolutionGuid = {F5EA7025-452B-45E2-B95B-341D7F094802}
	EndGlobalSection
EndGlobal
