
Microsoft Visual Studio Solution File, Format Version 12.00
# Visual Studio 15
VisualStudioVersion = 15.0.26430.6
MinimumVisualStudioVersion = 10.0.40219.1
Project("{9092AA53-FB77-4645-B42D-1CCCA6BD08BD}") = "12.PrimeNumberChecker", "12.PrimeNumberChecker\12.PrimeNumberChecker.njsproj", "{B2894B95-0C80-42E5-9585-9C432EED881A}"
EndProject
Global
	GlobalSection(SolutionConfigurationPlatforms) = preSolution
		Debug|Any CPU = Debug|Any CPU
		Release|Any CPU = Release|Any CPU
	EndGlobalSection
	GlobalSection(ProjectConfigurationPlatforms) = postSolution
		{B2894B95-0C80-42E5-9585-9C432EED881A}.Debug|Any CPU.ActiveCfg = Debug|Any CPU
		{B2894B95-0C80-42E5-9585-9C432EED881A}.Debug|Any CPU.Build.0 = Debug|Any CPU
		{B2894B95-0C80-42E5-9585-9C432EED881A}.Release|Any CPU.ActiveCfg = Release|Any CPU
		{B2894B95-0C80-42E5-9585-9C432EED881A}.Release|Any CPU.Build.0 = Release|Any CPU
	EndGlobalSection
	GlobalSection(SolutionProperties) = preSolution
		HideSolutionNode = FALSE
	EndGlobalSection
EndGlobal
