
Microsoft Visual Studio Solution File, Format Version 12.00
# Visual Studio 15
VisualStudioVersion = 15.0.26430.6
MinimumVisualStudioVersion = 10.0.40219.1
Project("{FAE04EC0-301F-11D3-BF4B-00C04F79EFBC}") = "05.FactorialPerformance", "05.FactorialPerformance\05.FactorialPerformance.csproj", "{4CB427B2-BCA5-4D3D-8C4B-F2F83252D6CE}"
EndProject
Global
	GlobalSection(SolutionConfigurationPlatforms) = preSolution
		Debug|Any CPU = Debug|Any CPU
		Release|Any CPU = Release|Any CPU
	EndGlobalSection
	GlobalSection(ProjectConfigurationPlatforms) = postSolution
		{4CB427B2-BCA5-4D3D-8C4B-F2F83252D6CE}.Debug|Any CPU.ActiveCfg = Debug|Any CPU
		{4CB427B2-BCA5-4D3D-8C4B-F2F83252D6CE}.Debug|Any CPU.Build.0 = Debug|Any CPU
		{4CB427B2-BCA5-4D3D-8C4B-F2F83252D6CE}.Release|Any CPU.ActiveCfg = Release|Any CPU
		{4CB427B2-BCA5-4D3D-8C4B-F2F83252D6CE}.Release|Any CPU.Build.0 = Release|Any CPU
	EndGlobalSection
	GlobalSection(SolutionProperties) = preSolution
		HideSolutionNode = FALSE
	EndGlobalSection
EndGlobal
