
Microsoft Visual Studio Solution File, Format Version 12.00
# Visual Studio 15
VisualStudioVersion = 15.0.26430.6
MinimumVisualStudioVersion = 10.0.40219.1
Project("{FAE04EC0-301F-11D3-BF4B-00C04F79EFBC}") = "10.Number100-200", "10.Number100200\10.Number100-200.csproj", "{6353D41C-6ABC-44A2-8803-B4D533953D56}"
EndProject
Global
	GlobalSection(SolutionConfigurationPlatforms) = preSolution
		Debug|Any CPU = Debug|Any CPU
		Release|Any CPU = Release|Any CPU
	EndGlobalSection
	GlobalSection(ProjectConfigurationPlatforms) = postSolution
		{6353D41C-6ABC-44A2-8803-B4D533953D56}.Debug|Any CPU.ActiveCfg = Debug|Any CPU
		{6353D41C-6ABC-44A2-8803-B4D533953D56}.Debug|Any CPU.Build.0 = Debug|Any CPU
		{6353D41C-6ABC-44A2-8803-B4D533953D56}.Release|Any CPU.ActiveCfg = Release|Any CPU
		{6353D41C-6ABC-44A2-8803-B4D533953D56}.Release|Any CPU.Build.0 = Release|Any CPU
	EndGlobalSection
	GlobalSection(SolutionProperties) = preSolution
		HideSolutionNode = FALSE
	EndGlobalSection
EndGlobal
