
Microsoft Visual Studio Solution File, Format Version 12.00
# Visual Studio 15
VisualStudioVersion = 15.0.26430.6
MinimumVisualStudioVersion = 10.0.40219.1
Project("{9092AA53-FB77-4645-B42D-1CCCA6BD08BD}") = "10.ComposeTag", "10.ComposeTag\10.ComposeTag.njsproj", "{AD045C60-E45F-4107-9C55-A04850618F20}"
EndProject
Global
	GlobalSection(SolutionConfigurationPlatforms) = preSolution
		Debug|Any CPU = Debug|Any CPU
		Release|Any CPU = Release|Any CPU
	EndGlobalSection
	GlobalSection(ProjectConfigurationPlatforms) = postSolution
		{AD045C60-E45F-4107-9C55-A04850618F20}.Debug|Any CPU.ActiveCfg = Debug|Any CPU
		{AD045C60-E45F-4107-9C55-A04850618F20}.Debug|Any CPU.Build.0 = Debug|Any CPU
		{AD045C60-E45F-4107-9C55-A04850618F20}.Release|Any CPU.ActiveCfg = Release|Any CPU
		{AD045C60-E45F-4107-9C55-A04850618F20}.Release|Any CPU.Build.0 = Release|Any CPU
	EndGlobalSection
	GlobalSection(SolutionProperties) = preSolution
		HideSolutionNode = FALSE
	EndGlobalSection
EndGlobal
