
Microsoft Visual Studio Solution File, Format Version 12.00
# Visual Studio 14
VisualStudioVersion = 14.0.25420.1
MinimumVisualStudioVersion = 10.0.40219.1
Project("{FAE04EC0-301F-11D3-BF4B-00C04F79EFBC}") = "04.Elevator", "04.Elevator\04.Elevator.csproj", "{FB3EF665-CF06-45EF-8454-4329DB3C0BBC}"
EndProject
Global
	GlobalSection(SolutionConfigurationPlatforms) = preSolution
		Debug|Any CPU = Debug|Any CPU
		Release|Any CPU = Release|Any CPU
	EndGlobalSection
	GlobalSection(ProjectConfigurationPlatforms) = postSolution
		{FB3EF665-CF06-45EF-8454-4329DB3C0BBC}.Debug|Any CPU.ActiveCfg = Debug|Any CPU
		{FB3EF665-CF06-45EF-8454-4329DB3C0BBC}.Debug|Any CPU.Build.0 = Debug|Any CPU
		{FB3EF665-CF06-45EF-8454-4329DB3C0BBC}.Release|Any CPU.ActiveCfg = Release|Any CPU
		{FB3EF665-CF06-45EF-8454-4329DB3C0BBC}.Release|Any CPU.Build.0 = Release|Any CPU
	EndGlobalSection
	GlobalSection(SolutionProperties) = preSolution
		HideSolutionNode = FALSE
	EndGlobalSection
EndGlobal
