
Microsoft Visual Studio Solution File, Format Version 12.00
# Visual Studio 15
VisualStudioVersion = 15.0.27004.2005
MinimumVisualStudioVersion = 10.0.40219.1
Project("{FAE04EC0-301F-11D3-BF4B-00C04F79EFBC}") = "GraphicEditor", "GraphicEditor\GraphicEditor.csproj", "{0C1F4C2F-08BD-45C9-9031-714E93F93AD3}"
EndProject
Global
	GlobalSection(SolutionConfigurationPlatforms) = preSolution
		Debug|Any CPU = Debug|Any CPU
		Release|Any CPU = Release|Any CPU
	EndGlobalSection
	GlobalSection(ProjectConfigurationPlatforms) = postSolution
		{0C1F4C2F-08BD-45C9-9031-714E93F93AD3}.Debug|Any CPU.ActiveCfg = Debug|Any CPU
		{0C1F4C2F-08BD-45C9-9031-714E93F93AD3}.Debug|Any CPU.Build.0 = Debug|Any CPU
		{0C1F4C2F-08BD-45C9-9031-714E93F93AD3}.Release|Any CPU.ActiveCfg = Release|Any CPU
		{0C1F4C2F-08BD-45C9-9031-714E93F93AD3}.Release|Any CPU.Build.0 = Release|Any CPU
	EndGlobalSection
	GlobalSection(SolutionProperties) = preSolution
		HideSolutionNode = FALSE
	EndGlobalSection
	GlobalSection(ExtensibilityGlobals) = postSolution
		SolutionGuid = {FA306CE4-8525-4011-AB9C-F0CF6BCFE4E6}
	EndGlobalSection
EndGlobal
