
Microsoft Visual Studio Solution File, Format Version 12.00
# Visual Studio 15
VisualStudioVersion = 15.0.26430.6
MinimumVisualStudioVersion = 10.0.40219.1
Project("{FAE04EC0-301F-11D3-BF4B-00C04F79EFBC}") = "04.NumbersInReversedOrder", "04.NumbersInReversedOrder\04.NumbersInReversedOrder.csproj", "{30B21FA5-EBB8-4C2C-93B1-03005CDA834D}"
EndProject
Global
	GlobalSection(SolutionConfigurationPlatforms) = preSolution
		Debug|Any CPU = Debug|Any CPU
		Release|Any CPU = Release|Any CPU
	EndGlobalSection
	GlobalSection(ProjectConfigurationPlatforms) = postSolution
		{30B21FA5-EBB8-4C2C-93B1-03005CDA834D}.Debug|Any CPU.ActiveCfg = Debug|Any CPU
		{30B21FA5-EBB8-4C2C-93B1-03005CDA834D}.Debug|Any CPU.Build.0 = Debug|Any CPU
		{30B21FA5-EBB8-4C2C-93B1-03005CDA834D}.Release|Any CPU.ActiveCfg = Release|Any CPU
		{30B21FA5-EBB8-4C2C-93B1-03005CDA834D}.Release|Any CPU.Build.0 = Release|Any CPU
	EndGlobalSection
	GlobalSection(SolutionProperties) = preSolution
		HideSolutionNode = FALSE
	EndGlobalSection
EndGlobal
