
Microsoft Visual Studio Solution File, Format Version 12.00
# Visual Studio 15
VisualStudioVersion = 15.0.26430.6
MinimumVisualStudioVersion = 10.0.40219.1
Project("{FAE04EC0-301F-11D3-BF4B-00C04F79EFBC}") = "07.CarSalesman", "07.CarSalesman\07.CarSalesman.csproj", "{612307B3-B1A8-42DF-92B5-202BC2F4B453}"
EndProject
Global
	GlobalSection(SolutionConfigurationPlatforms) = preSolution
		Debug|Any CPU = Debug|Any CPU
		Release|Any CPU = Release|Any CPU
	EndGlobalSection
	GlobalSection(ProjectConfigurationPlatforms) = postSolution
		{612307B3-B1A8-42DF-92B5-202BC2F4B453}.Debug|Any CPU.ActiveCfg = Debug|Any CPU
		{612307B3-B1A8-42DF-92B5-202BC2F4B453}.Debug|Any CPU.Build.0 = Debug|Any CPU
		{612307B3-B1A8-42DF-92B5-202BC2F4B453}.Release|Any CPU.ActiveCfg = Release|Any CPU
		{612307B3-B1A8-42DF-92B5-202BC2F4B453}.Release|Any CPU.Build.0 = Release|Any CPU
	EndGlobalSection
	GlobalSection(SolutionProperties) = preSolution
		HideSolutionNode = FALSE
	EndGlobalSection
EndGlobal
