
Microsoft Visual Studio Solution File, Format Version 12.00
# Visual Studio 15
VisualStudioVersion = 15.0.27428.2015
MinimumVisualStudioVersion = 10.0.40219.1
Project("{FAE04EC0-301F-11D3-BF4B-00C04F79EFBC}") = "Threeuple", "Threeuple\Threeuple.csproj", "{7482DACD-3029-4974-84AE-CB43369F4813}"
EndProject
Global
	GlobalSection(SolutionConfigurationPlatforms) = preSolution
		Debug|Any CPU = Debug|Any CPU
		Release|Any CPU = Release|Any CPU
	EndGlobalSection
	GlobalSection(ProjectConfigurationPlatforms) = postSolution
		{7482DACD-3029-4974-84AE-CB43369F4813}.Debug|Any CPU.ActiveCfg = Debug|Any CPU
		{7482DACD-3029-4974-84AE-CB43369F4813}.Debug|Any CPU.Build.0 = Debug|Any CPU
		{7482DACD-3029-4974-84AE-CB43369F4813}.Release|Any CPU.ActiveCfg = Release|Any CPU
		{7482DACD-3029-4974-84AE-CB43369F4813}.Release|Any CPU.Build.0 = Release|Any CPU
	EndGlobalSection
	GlobalSection(SolutionProperties) = preSolution
		HideSolutionNode = FALSE
	EndGlobalSection
	GlobalSection(ExtensibilityGlobals) = postSolution
		SolutionGuid = {E2BCD61D-51D7-4CEC-9C45-687F5C68C0D4}
	EndGlobalSection
EndGlobal
