
Microsoft Visual Studio Solution File, Format Version 12.00
# Visual Studio 15
VisualStudioVersion = 15.0.27004.2005
MinimumVisualStudioVersion = 10.0.40219.1
Project("{FAE04EC0-301F-11D3-BF4B-00C04F79EFBC}") = "PredicateForNames", "PredicateForNames\PredicateForNames.csproj", "{8D65E407-6188-4DD3-9409-9AC349EBCA07}"
EndProject
Global
	GlobalSection(SolutionConfigurationPlatforms) = preSolution
		Debug|Any CPU = Debug|Any CPU
		Release|Any CPU = Release|Any CPU
	EndGlobalSection
	GlobalSection(ProjectConfigurationPlatforms) = postSolution
		{8D65E407-6188-4DD3-9409-9AC349EBCA07}.Debug|Any CPU.ActiveCfg = Debug|Any CPU
		{8D65E407-6188-4DD3-9409-9AC349EBCA07}.Debug|Any CPU.Build.0 = Debug|Any CPU
		{8D65E407-6188-4DD3-9409-9AC349EBCA07}.Release|Any CPU.ActiveCfg = Release|Any CPU
		{8D65E407-6188-4DD3-9409-9AC349EBCA07}.Release|Any CPU.Build.0 = Release|Any CPU
	EndGlobalSection
	GlobalSection(SolutionProperties) = preSolution
		HideSolutionNode = FALSE
	EndGlobalSection
	GlobalSection(ExtensibilityGlobals) = postSolution
		SolutionGuid = {5B961413-2973-4D79-88F9-9AB09EB675EF}
	EndGlobalSection
EndGlobal
