
Microsoft Visual Studio Solution File, Format Version 12.00
# Visual Studio 15
VisualStudioVersion = 15.0.28010.2026
MinimumVisualStudioVersion = 10.0.40219.1
Project("{FAE04EC0-301F-11D3-BF4B-00C04F79EFBC}") = "MishMash", "MishMash\MishMash.csproj", "{85825CF0-A5B8-4B23-A300-EFA2BA9C7276}"
EndProject
Project("{FAE04EC0-301F-11D3-BF4B-00C04F79EFBC}") = "SIS.Framework", "SIS.Framework\SIS.Framework.csproj", "{6B8C31B1-B96B-4410-8CB5-DF6EADBBF36E}"
EndProject
Project("{FAE04EC0-301F-11D3-BF4B-00C04F79EFBC}") = "SIS.HTTP", "SIS.HTTP\SIS.HTTP.csproj", "{792C9FB0-99FE-4798-80C6-A120E47BEF1C}"
EndProject
Project("{FAE04EC0-301F-11D3-BF4B-00C04F79EFBC}") = "SIS.WebServer", "SIS.WebServer\SIS.WebServer.csproj", "{C2FC6C09-E759-4EE1-AE26-BF0873475E01}"
EndProject
Project("{FAE04EC0-301F-11D3-BF4B-00C04F79EFBC}") = "MishMash.Models", "MishMash.Models\MishMash.Models.csproj", "{96E19D45-0197-4956-BF04-EF5FEFB9FE1C}"
EndProject
Project("{FAE04EC0-301F-11D3-BF4B-00C04F79EFBC}") = "MishMash.Data", "MishMash.Data\MishMash.Data.csproj", "{BAF13675-B06C-4AEB-B5E6-1208BBA75588}"
EndProject
Global
	GlobalSection(SolutionConfigurationPlatforms) = preSolution
		Debug|Any CPU = Debug|Any CPU
		Release|Any CPU = Release|Any CPU
	EndGlobalSection
	GlobalSection(ProjectConfigurationPlatforms) = postSolution
		{85825CF0-A5B8-4B23-A300-EFA2BA9C7276}.Debug|Any CPU.ActiveCfg = Debug|Any CPU
		{85825CF0-A5B8-4B23-A300-EFA2BA9C7276}.Debug|Any CPU.Build.0 = Debug|Any CPU
		{85825CF0-A5B8-4B23-A300-EFA2BA9C7276}.Release|Any CPU.ActiveCfg = Release|Any CPU
		{85825CF0-A5B8-4B23-A300-EFA2BA9C7276}.Release|Any CPU.Build.0 = Release|Any CPU
		{6B8C31B1-B96B-4410-8CB5-DF6EADBBF36E}.Debug|Any CPU.ActiveCfg = Debug|Any CPU
		{6B8C31B1-B96B-4410-8CB5-DF6EADBBF36E}.Debug|Any CPU.Build.0 = Debug|Any CPU
		{6B8C31B1-B96B-4410-8CB5-DF6EADBBF36E}.Release|Any CPU.ActiveCfg = Release|Any CPU
		{6B8C31B1-B96B-4410-8CB5-DF6EADBBF36E}.Release|Any CPU.Build.0 = Release|Any CPU
		{792C9FB0-99FE-4798-80C6-A120E47BEF1C}.Debug|Any CPU.ActiveCfg = Debug|Any CPU
		{792C9FB0-99FE-4798-80C6-A120E47BEF1C}.Debug|Any CPU.Build.0 = Debug|Any CPU
		{792C9FB0-99FE-4798-80C6-A120E47BEF1C}.Release|Any CPU.ActiveCfg = Release|Any CPU
		{792C9FB0-99FE-4798-80C6-A120E47BEF1C}.Release|Any CPU.Build.0 = Release|Any CPU
		{C2FC6C09-E759-4EE1-AE26-BF0873475E01}.Debug|Any CPU.ActiveCfg = Debug|Any CPU
		{C2FC6C09-E759-4EE1-AE26-BF0873475E01}.Debug|Any CPU.Build.0 = Debug|Any CPU
		{C2FC6C09-E759-4EE1-AE26-BF0873475E01}.Release|Any CPU.ActiveCfg = Release|Any CPU
		{C2FC6C09-E759-4EE1-AE26-BF0873475E01}.Release|Any CPU.Build.0 = Release|Any CPU
		{96E19D45-0197-4956-BF04-EF5FEFB9FE1C}.Debug|Any CPU.ActiveCfg = Debug|Any CPU
		{96E19D45-0197-4956-BF04-EF5FEFB9FE1C}.Debug|Any CPU.Build.0 = Debug|Any CPU
		{96E19D45-0197-4956-BF04-EF5FEFB9FE1C}.Release|Any CPU.ActiveCfg = Release|Any CPU
		{96E19D45-0197-4956-BF04-EF5FEFB9FE1C}.Release|Any CPU.Build.0 = Release|Any CPU
		{BAF13675-B06C-4AEB-B5E6-1208BBA75588}.Debug|Any CPU.ActiveCfg = Debug|Any CPU
		{BAF13675-B06C-4AEB-B5E6-1208BBA75588}.Debug|Any CPU.Build.0 = Debug|Any CPU
		{BAF13675-B06C-4AEB-B5E6-1208BBA75588}.Release|Any CPU.ActiveCfg = Release|Any CPU
		{BAF13675-B06C-4AEB-B5E6-1208BBA75588}.Release|Any CPU.Build.0 = Release|Any CPU
	EndGlobalSection
	GlobalSection(SolutionProperties) = preSolution
		HideSolutionNode = FALSE
	EndGlobalSection
	GlobalSection(ExtensibilityGlobals) = postSolution
		SolutionGuid = {7240C85D-3FA1-4BE4-9E15-4D58B33282C9}
	EndGlobalSection
EndGlobal
