
Microsoft Visual Studio Solution File, Format Version 12.00
# Visual Studio 14
VisualStudioVersion = 14.0.25420.1
MinimumVisualStudioVersion = 10.0.40219.1
Project("{FAE04EC0-301F-11D3-BF4B-00C04F79EFBC}") = "12.VariableInHexadecimalFormat", "12.VariableInHexadecimalFormat\12.VariableInHexadecimalFormat.csproj", "{D2B064F8-800B-4362-A7CD-2974B72F448F}"
EndProject
Global
	GlobalSection(SolutionConfigurationPlatforms) = preSolution
		Debug|Any CPU = Debug|Any CPU
		Release|Any CPU = Release|Any CPU
	EndGlobalSection
	GlobalSection(ProjectConfigurationPlatforms) = postSolution
		{D2B064F8-800B-4362-A7CD-2974B72F448F}.Debug|Any CPU.ActiveCfg = Debug|Any CPU
		{D2B064F8-800B-4362-A7CD-2974B72F448F}.Debug|Any CPU.Build.0 = Debug|Any CPU
		{D2B064F8-800B-4362-A7CD-2974B72F448F}.Release|Any CPU.ActiveCfg = Release|Any CPU
		{D2B064F8-800B-4362-A7CD-2974B72F448F}.Release|Any CPU.Build.0 = Release|Any CPU
	EndGlobalSection
	GlobalSection(SolutionProperties) = preSolution
		HideSolutionNode = FALSE
	EndGlobalSection
EndGlobal
