
Microsoft Visual Studio Solution File, Format Version 12.00
# Visual Studio 15
VisualStudioVersion = 15.0.27428.2015
MinimumVisualStudioVersion = 10.0.40219.1
Project("{FAE04EC0-301F-11D3-BF4B-00C04F79EFBC}") = "RotateImages", "RotateImages\RotateImages.csproj", "{EB571D55-969E-4251-9CBC-A2495518918B}"
EndProject
Global
	GlobalSection(SolutionConfigurationPlatforms) = preSolution
		Debug|Any CPU = Debug|Any CPU
		Release|Any CPU = Release|Any CPU
	EndGlobalSection
	GlobalSection(ProjectConfigurationPlatforms) = postSolution
		{EB571D55-969E-4251-9CBC-A2495518918B}.Debug|Any CPU.ActiveCfg = Debug|Any CPU
		{EB571D55-969E-4251-9CBC-A2495518918B}.Debug|Any CPU.Build.0 = Debug|Any CPU
		{EB571D55-969E-4251-9CBC-A2495518918B}.Release|Any CPU.ActiveCfg = Release|Any CPU
		{EB571D55-969E-4251-9CBC-A2495518918B}.Release|Any CPU.Build.0 = Release|Any CPU
	EndGlobalSection
	GlobalSection(SolutionProperties) = preSolution
		HideSolutionNode = FALSE
	EndGlobalSection
	GlobalSection(ExtensibilityGlobals) = postSolution
		SolutionGuid = {FF0C7E61-3AF2-4F01-8BB2-0F489615E266}
	EndGlobalSection
EndGlobal
