
Microsoft Visual Studio Solution File, Format Version 12.00
# Visual Studio 14
VisualStudioVersion = 14.0.25420.1
MinimumVisualStudioVersion = 10.0.40219.1
Project("{FAE04EC0-301F-11D3-BF4B-00C04F79EFBC}") = "04.SumReversedNumbers", "04.SumReversedNumbers\04.SumReversedNumbers.csproj", "{C58193B9-3812-4EF2-90EB-5D9B09085C27}"
EndProject
Global
	GlobalSection(SolutionConfigurationPlatforms) = preSolution
		Debug|Any CPU = Debug|Any CPU
		Release|Any CPU = Release|Any CPU
	EndGlobalSection
	GlobalSection(ProjectConfigurationPlatforms) = postSolution
		{C58193B9-3812-4EF2-90EB-5D9B09085C27}.Debug|Any CPU.ActiveCfg = Debug|Any CPU
		{C58193B9-3812-4EF2-90EB-5D9B09085C27}.Debug|Any CPU.Build.0 = Debug|Any CPU
		{C58193B9-3812-4EF2-90EB-5D9B09085C27}.Release|Any CPU.ActiveCfg = Release|Any CPU
		{C58193B9-3812-4EF2-90EB-5D9B09085C27}.Release|Any CPU.Build.0 = Release|Any CPU
	EndGlobalSection
	GlobalSection(SolutionProperties) = preSolution
		HideSolutionNode = FALSE
	EndGlobalSection
EndGlobal
