
Microsoft Visual Studio Solution File, Format Version 12.00
# Visual Studio 15
VisualStudioVersion = 15.0.26430.6
MinimumVisualStudioVersion = 10.0.40219.1
Project("{FAE04EC0-301F-11D3-BF4B-00C04F79EFBC}") = "03.SquareOfStars", "03.SquareOfStars\03.SquareOfStars.csproj", "{D155F540-62BB-46F3-901D-F397EB1833BA}"
EndProject
Global
	GlobalSection(SolutionConfigurationPlatforms) = preSolution
		Debug|Any CPU = Debug|Any CPU
		Release|Any CPU = Release|Any CPU
	EndGlobalSection
	GlobalSection(ProjectConfigurationPlatforms) = postSolution
		{D155F540-62BB-46F3-901D-F397EB1833BA}.Debug|Any CPU.ActiveCfg = Debug|Any CPU
		{D155F540-62BB-46F3-901D-F397EB1833BA}.Debug|Any CPU.Build.0 = Debug|Any CPU
		{D155F540-62BB-46F3-901D-F397EB1833BA}.Release|Any CPU.ActiveCfg = Release|Any CPU
		{D155F540-62BB-46F3-901D-F397EB1833BA}.Release|Any CPU.Build.0 = Release|Any CPU
	EndGlobalSection
	GlobalSection(SolutionProperties) = preSolution
		HideSolutionNode = FALSE
	EndGlobalSection
EndGlobal
