
Microsoft Visual Studio Solution File, Format Version 12.00
# Visual Studio 15
VisualStudioVersion = 15.0.26430.15
MinimumVisualStudioVersion = 10.0.40219.1
Project("{FAE04EC0-301F-11D3-BF4B-00C04F79EFBC}") = "03.CountUppercaseWords", "03.CountUppercaseWords\03.CountUppercaseWords.csproj", "{08158FF2-D801-4323-9F22-11271C4FC967}"
EndProject
Global
	GlobalSection(SolutionConfigurationPlatforms) = preSolution
		Debug|Any CPU = Debug|Any CPU
		Release|Any CPU = Release|Any CPU
	EndGlobalSection
	GlobalSection(ProjectConfigurationPlatforms) = postSolution
		{08158FF2-D801-4323-9F22-11271C4FC967}.Debug|Any CPU.ActiveCfg = Debug|Any CPU
		{08158FF2-D801-4323-9F22-11271C4FC967}.Debug|Any CPU.Build.0 = Debug|Any CPU
		{08158FF2-D801-4323-9F22-11271C4FC967}.Release|Any CPU.ActiveCfg = Release|Any CPU
		{08158FF2-D801-4323-9F22-11271C4FC967}.Release|Any CPU.Build.0 = Release|Any CPU
	EndGlobalSection
	GlobalSection(SolutionProperties) = preSolution
		HideSolutionNode = FALSE
	EndGlobalSection
EndGlobal
