
Microsoft Visual Studio Solution File, Format Version 12.00
# Visual Studio 15
VisualStudioVersion = 15.0.26430.6
MinimumVisualStudioVersion = 10.0.40219.1
Project("{FAE04EC0-301F-11D3-BF4B-00C04F79EFBC}") = "02.OptimizedBankingSystem", "02.OptimizedBankingSystem\02.OptimizedBankingSystem.csproj", "{F40C49D7-BDF8-4284-93EB-7B61ABCDB5AA}"
EndProject
Global
	GlobalSection(SolutionConfigurationPlatforms) = preSolution
		Debug|Any CPU = Debug|Any CPU
		Release|Any CPU = Release|Any CPU
	EndGlobalSection
	GlobalSection(ProjectConfigurationPlatforms) = postSolution
		{F40C49D7-BDF8-4284-93EB-7B61ABCDB5AA}.Debug|Any CPU.ActiveCfg = Debug|Any CPU
		{F40C49D7-BDF8-4284-93EB-7B61ABCDB5AA}.Debug|Any CPU.Build.0 = Debug|Any CPU
		{F40C49D7-BDF8-4284-93EB-7B61ABCDB5AA}.Release|Any CPU.ActiveCfg = Release|Any CPU
		{F40C49D7-BDF8-4284-93EB-7B61ABCDB5AA}.Release|Any CPU.Build.0 = Release|Any CPU
	EndGlobalSection
	GlobalSection(SolutionProperties) = preSolution
		HideSolutionNode = FALSE
	EndGlobalSection
EndGlobal
