
Microsoft Visual Studio Solution File, Format Version 12.00
# Visual Studio 15
VisualStudioVersion = 15.0.26430.6
MinimumVisualStudioVersion = 10.0.40219.1
Project("{FAE04EC0-301F-11D3-BF4B-00C04F79EFBC}") = "04.CompanyRoster", "04.CompanyRoster\04.CompanyRoster.csproj", "{DC87D7D2-A42D-49E3-8724-6BCAB9B411EB}"
EndProject
Global
	GlobalSection(SolutionConfigurationPlatforms) = preSolution
		Debug|Any CPU = Debug|Any CPU
		Release|Any CPU = Release|Any CPU
	EndGlobalSection
	GlobalSection(ProjectConfigurationPlatforms) = postSolution
		{DC87D7D2-A42D-49E3-8724-6BCAB9B411EB}.Debug|Any CPU.ActiveCfg = Debug|Any CPU
		{DC87D7D2-A42D-49E3-8724-6BCAB9B411EB}.Debug|Any CPU.Build.0 = Debug|Any CPU
		{DC87D7D2-A42D-49E3-8724-6BCAB9B411EB}.Release|Any CPU.ActiveCfg = Release|Any CPU
		{DC87D7D2-A42D-49E3-8724-6BCAB9B411EB}.Release|Any CPU.Build.0 = Release|Any CPU
	EndGlobalSection
	GlobalSection(SolutionProperties) = preSolution
		HideSolutionNode = FALSE
	EndGlobalSection
EndGlobal
