
Microsoft Visual Studio Solution File, Format Version 12.00
# Visual Studio 15
VisualStudioVersion = 15.0.26430.6
MinimumVisualStudioVersion = 10.0.40219.1
Project("{FAE04EC0-301F-11D3-BF4B-00C04F79EFBC}") = "08.MetricConverter", "08.MetricConverter\08.MetricConverter.csproj", "{40BC5DAA-217C-43A9-A506-876565FBF337}"
EndProject
Global
	GlobalSection(SolutionConfigurationPlatforms) = preSolution
		Debug|Any CPU = Debug|Any CPU
		Release|Any CPU = Release|Any CPU
	EndGlobalSection
	GlobalSection(ProjectConfigurationPlatforms) = postSolution
		{40BC5DAA-217C-43A9-A506-876565FBF337}.Debug|Any CPU.ActiveCfg = Debug|Any CPU
		{40BC5DAA-217C-43A9-A506-876565FBF337}.Debug|Any CPU.Build.0 = Debug|Any CPU
		{40BC5DAA-217C-43A9-A506-876565FBF337}.Release|Any CPU.ActiveCfg = Release|Any CPU
		{40BC5DAA-217C-43A9-A506-876565FBF337}.Release|Any CPU.Build.0 = Release|Any CPU
	EndGlobalSection
	GlobalSection(SolutionProperties) = preSolution
		HideSolutionNode = FALSE
	EndGlobalSection
EndGlobal
