
Microsoft Visual Studio Solution File, Format Version 12.00
# Visual Studio 15
VisualStudioVersion = 15.0.27004.2005
MinimumVisualStudioVersion = 10.0.40219.1
Project("{FAE04EC0-301F-11D3-BF4B-00C04F79EFBC}") = "KnightsOfHonor", "KnightsOfHonor\KnightsOfHonor.csproj", "{5C4223C1-96F9-4721-94A0-90C3228824CA}"
EndProject
Global
	GlobalSection(SolutionConfigurationPlatforms) = preSolution
		Debug|Any CPU = Debug|Any CPU
		Release|Any CPU = Release|Any CPU
	EndGlobalSection
	GlobalSection(ProjectConfigurationPlatforms) = postSolution
		{5C4223C1-96F9-4721-94A0-90C3228824CA}.Debug|Any CPU.ActiveCfg = Debug|Any CPU
		{5C4223C1-96F9-4721-94A0-90C3228824CA}.Debug|Any CPU.Build.0 = Debug|Any CPU
		{5C4223C1-96F9-4721-94A0-90C3228824CA}.Release|Any CPU.ActiveCfg = Release|Any CPU
		{5C4223C1-96F9-4721-94A0-90C3228824CA}.Release|Any CPU.Build.0 = Release|Any CPU
	EndGlobalSection
	GlobalSection(SolutionProperties) = preSolution
		HideSolutionNode = FALSE
	EndGlobalSection
	GlobalSection(ExtensibilityGlobals) = postSolution
		SolutionGuid = {BDEB548B-CF8A-499D-96D7-5C2A8BA88B4A}
	EndGlobalSection
EndGlobal
