
Microsoft Visual Studio Solution File, Format Version 12.00
# Visual Studio 15
VisualStudioVersion = 15.0.27428.2015
MinimumVisualStudioVersion = 10.0.40219.1
Project("{FAE04EC0-301F-11D3-BF4B-00C04F79EFBC}") = "Attributes", "Attributes\Attributes.csproj", "{960ABA83-59E6-4294-BE10-8098DB9AB134}"
EndProject
Global
	GlobalSection(SolutionConfigurationPlatforms) = preSolution
		Debug|Any CPU = Debug|Any CPU
		Release|Any CPU = Release|Any CPU
	EndGlobalSection
	GlobalSection(ProjectConfigurationPlatforms) = postSolution
		{960ABA83-59E6-4294-BE10-8098DB9AB134}.Debug|Any CPU.ActiveCfg = Debug|Any CPU
		{960ABA83-59E6-4294-BE10-8098DB9AB134}.Debug|Any CPU.Build.0 = Debug|Any CPU
		{960ABA83-59E6-4294-BE10-8098DB9AB134}.Release|Any CPU.ActiveCfg = Release|Any CPU
		{960ABA83-59E6-4294-BE10-8098DB9AB134}.Release|Any CPU.Build.0 = Release|Any CPU
	EndGlobalSection
	GlobalSection(SolutionProperties) = preSolution
		HideSolutionNode = FALSE
	EndGlobalSection
	GlobalSection(ExtensibilityGlobals) = postSolution
		SolutionGuid = {922515A1-6CD2-4E00-AAD2-A6E44E636E44}
	EndGlobalSection
EndGlobal
