
Microsoft Visual Studio Solution File, Format Version 12.00
# Visual Studio 15
VisualStudioVersion = 15.0.27428.2015
MinimumVisualStudioVersion = 10.0.40219.1
Project("{FAE04EC0-301F-11D3-BF4B-00C04F79EFBC}") = "PhotoShare.Models", "PhotoShare.Models\PhotoShare.Models.csproj", "{7A301882-CB64-49BD-856A-AEE86DB5F81C}"
EndProject
Project("{FAE04EC0-301F-11D3-BF4B-00C04F79EFBC}") = "PhotoShare", "PhotoShare\PhotoShare.csproj", "{97ACF20A-D44C-4B39-B0FC-2C71F461AC4B}"
EndProject
Project("{FAE04EC0-301F-11D3-BF4B-00C04F79EFBC}") = "PhotoShare.Data", "PhotoShare.Data\PhotoShare.Data.csproj", "{7E047728-158A-4A97-94F7-455AE93C1178}"
EndProject
Project("{FAE04EC0-301F-11D3-BF4B-00C04F79EFBC}") = "PhotoShare.Services", "PhotoShare.Services\PhotoShare.Services.csproj", "{B6AA1BBF-E81F-40DE-92B2-7E809EE04DF5}"
EndProject
Project("{FAE04EC0-301F-11D3-BF4B-00C04F79EFBC}") = "PhotoShare.Core", "PhotoShare.Core\PhotoShare.Core.csproj", "{32C59718-F3E8-43F4-8A40-E8C0AC888313}"
EndProject
Project("{FAE04EC0-301F-11D3-BF4B-00C04F79EFBC}") = "PhotoShare.ModelsDto", "PhotoShare.ModelsDto\PhotoShare.ModelsDto.csproj", "{143E8A1C-EF9E-4C7C-8503-3916A8176FC0}"
EndProject
Project("{FAE04EC0-301F-11D3-BF4B-00C04F79EFBC}") = "PhotoShare.Utilities", "PhotoShare.Utilities\PhotoShare.Utilities.csproj", "{6E334251-2C32-4521-85C1-98F776AA036A}"
EndProject
Global
	GlobalSection(SolutionConfigurationPlatforms) = preSolution
		Debug|Any CPU = Debug|Any CPU
		Release|Any CPU = Release|Any CPU
	EndGlobalSection
	GlobalSection(ProjectConfigurationPlatforms) = postSolution
		{7A301882-CB64-49BD-856A-AEE86DB5F81C}.Debug|Any CPU.ActiveCfg = Debug|Any CPU
		{7A301882-CB64-49BD-856A-AEE86DB5F81C}.Debug|Any CPU.Build.0 = Debug|Any CPU
		{7A301882-CB64-49BD-856A-AEE86DB5F81C}.Release|Any CPU.ActiveCfg = Release|Any CPU
		{7A301882-CB64-49BD-856A-AEE86DB5F81C}.Release|Any CPU.Build.0 = Release|Any CPU
		{97ACF20A-D44C-4B39-B0FC-2C71F461AC4B}.Debug|Any CPU.ActiveCfg = Debug|Any CPU
		{97ACF20A-D44C-4B39-B0FC-2C71F461AC4B}.Debug|Any CPU.Build.0 = Debug|Any CPU
		{97ACF20A-D44C-4B39-B0FC-2C71F461AC4B}.Release|Any CPU.ActiveCfg = Release|Any CPU
		{97ACF20A-D44C-4B39-B0FC-2C71F461AC4B}.Release|Any CPU.Build.0 = Release|Any CPU
		{7E047728-158A-4A97-94F7-455AE93C1178}.Debug|Any CPU.ActiveCfg = Debug|Any CPU
		{7E047728-158A-4A97-94F7-455AE93C1178}.Debug|Any CPU.Build.0 = Debug|Any CPU
		{7E047728-158A-4A97-94F7-455AE93C1178}.Release|Any CPU.ActiveCfg = Release|Any CPU
		{7E047728-158A-4A97-94F7-455AE93C1178}.Release|Any CPU.Build.0 = Release|Any CPU
		{B6AA1BBF-E81F-40DE-92B2-7E809EE04DF5}.Debug|Any CPU.ActiveCfg = Debug|Any CPU
		{B6AA1BBF-E81F-40DE-92B2-7E809EE04DF5}.Debug|Any CPU.Build.0 = Debug|Any CPU
		{B6AA1BBF-E81F-40DE-92B2-7E809EE04DF5}.Release|Any CPU.ActiveCfg = Release|Any CPU
		{B6AA1BBF-E81F-40DE-92B2-7E809EE04DF5}.Release|Any CPU.Build.0 = Release|Any CPU
		{32C59718-F3E8-43F4-8A40-E8C0AC888313}.Debug|Any CPU.ActiveCfg = Debug|Any CPU
		{32C59718-F3E8-43F4-8A40-E8C0AC888313}.Debug|Any CPU.Build.0 = Debug|Any CPU
		{32C59718-F3E8-43F4-8A40-E8C0AC888313}.Release|Any CPU.ActiveCfg = Release|Any CPU
		{32C59718-F3E8-43F4-8A40-E8C0AC888313}.Release|Any CPU.Build.0 = Release|Any CPU
		{143E8A1C-EF9E-4C7C-8503-3916A8176FC0}.Debug|Any CPU.ActiveCfg = Debug|Any CPU
		{143E8A1C-EF9E-4C7C-8503-3916A8176FC0}.Debug|Any CPU.Build.0 = Debug|Any CPU
		{143E8A1C-EF9E-4C7C-8503-3916A8176FC0}.Release|Any CPU.ActiveCfg = Release|Any CPU
		{143E8A1C-EF9E-4C7C-8503-3916A8176FC0}.Release|Any CPU.Build.0 = Release|Any CPU
		{6E334251-2C32-4521-85C1-98F776AA036A}.Debug|Any CPU.ActiveCfg = Debug|Any CPU
		{6E334251-2C32-4521-85C1-98F776AA036A}.Debug|Any CPU.Build.0 = Debug|Any CPU
		{6E334251-2C32-4521-85C1-98F776AA036A}.Release|Any CPU.ActiveCfg = Release|Any CPU
		{6E334251-2C32-4521-85C1-98F776AA036A}.Release|Any CPU.Build.0 = Release|Any CPU
	EndGlobalSection
	GlobalSection(SolutionProperties) = preSolution
		HideSolutionNode = FALSE
	EndGlobalSection
	GlobalSection(ExtensibilityGlobals) = postSolution
		SolutionGuid = {788074CA-C0FF-4ECD-80AC-92B19B705FA5}
	EndGlobalSection
EndGlobal
