
Microsoft Visual Studio Solution File, Format Version 12.00
# Visual Studio 15
VisualStudioVersion = 15.0.26430.6
MinimumVisualStudioVersion = 10.0.40219.1
Project("{9092AA53-FB77-4645-B42D-1CCCA6BD08BD}") = "06.ValidityChecker", "06.ValidityChecker\06.ValidityChecker.njsproj", "{08591832-2208-43EF-A2A7-26FBF06D11DF}"
EndProject
Global
	GlobalSection(SolutionConfigurationPlatforms) = preSolution
		Debug|Any CPU = Debug|Any CPU
		Release|Any CPU = Release|Any CPU
	EndGlobalSection
	GlobalSection(ProjectConfigurationPlatforms) = postSolution
		{08591832-2208-43EF-A2A7-26FBF06D11DF}.Debug|Any CPU.ActiveCfg = Debug|Any CPU
		{08591832-2208-43EF-A2A7-26FBF06D11DF}.Debug|Any CPU.Build.0 = Debug|Any CPU
		{08591832-2208-43EF-A2A7-26FBF06D11DF}.Release|Any CPU.ActiveCfg = Release|Any CPU
		{08591832-2208-43EF-A2A7-26FBF06D11DF}.Release|Any CPU.Build.0 = Release|Any CPU
	EndGlobalSection
	GlobalSection(SolutionProperties) = preSolution
		HideSolutionNode = FALSE
	EndGlobalSection
EndGlobal
