
Microsoft Visual Studio Solution File, Format Version 12.00
# Visual Studio 15
VisualStudioVersion = 15.0.26430.6
MinimumVisualStudioVersion = 10.0.40219.1
Project("{9092AA53-FB77-4645-B42D-1CCCA6BD08BD}") = "04.CookingByNumbers", "04.CookingByNumbers\04.CookingByNumbers.njsproj", "{1865CE88-9A30-4AD2-A330-0883B684F201}"
EndProject
Global
	GlobalSection(SolutionConfigurationPlatforms) = preSolution
		Debug|Any CPU = Debug|Any CPU
		Release|Any CPU = Release|Any CPU
	EndGlobalSection
	GlobalSection(ProjectConfigurationPlatforms) = postSolution
		{1865CE88-9A30-4AD2-A330-0883B684F201}.Debug|Any CPU.ActiveCfg = Debug|Any CPU
		{1865CE88-9A30-4AD2-A330-0883B684F201}.Debug|Any CPU.Build.0 = Debug|Any CPU
		{1865CE88-9A30-4AD2-A330-0883B684F201}.Release|Any CPU.ActiveCfg = Release|Any CPU
		{1865CE88-9A30-4AD2-A330-0883B684F201}.Release|Any CPU.Build.0 = Release|Any CPU
	EndGlobalSection
	GlobalSection(SolutionProperties) = preSolution
		HideSolutionNode = FALSE
	EndGlobalSection
EndGlobal
