
Microsoft Visual Studio Solution File, Format Version 12.00
# Visual Studio 15
VisualStudioVersion = 15.0.26430.6
MinimumVisualStudioVersion = 10.0.40219.1
Project("{FAE04EC0-301F-11D3-BF4B-00C04F79EFBC}") = "02.Largest3Numbers", "02.Largest3Numbers\02.Largest3Numbers.csproj", "{160F34E6-D393-4295-86BD-0027D1081549}"
EndProject
Global
	GlobalSection(SolutionConfigurationPlatforms) = preSolution
		Debug|Any CPU = Debug|Any CPU
		Release|Any CPU = Release|Any CPU
	EndGlobalSection
	GlobalSection(ProjectConfigurationPlatforms) = postSolution
		{160F34E6-D393-4295-86BD-0027D1081549}.Debug|Any CPU.ActiveCfg = Debug|Any CPU
		{160F34E6-D393-4295-86BD-0027D1081549}.Debug|Any CPU.Build.0 = Debug|Any CPU
		{160F34E6-D393-4295-86BD-0027D1081549}.Release|Any CPU.ActiveCfg = Release|Any CPU
		{160F34E6-D393-4295-86BD-0027D1081549}.Release|Any CPU.Build.0 = Release|Any CPU
	EndGlobalSection
	GlobalSection(SolutionProperties) = preSolution
		HideSolutionNode = FALSE
	EndGlobalSection
EndGlobal
