
Microsoft Visual Studio Solution File, Format Version 12.00
# Visual Studio 15
VisualStudioVersion = 15.0.26430.6
MinimumVisualStudioVersion = 10.0.40219.1
Project("{9092AA53-FB77-4645-B42D-1CCCA6BD08BD}") = "01.Sum3Numbers", "01.Sum3Numbers\01.Sum3Numbers.njsproj", "{3ED924A9-0A05-4BCE-8AAC-D6B07CF86491}"
EndProject
Global
	GlobalSection(SolutionConfigurationPlatforms) = preSolution
		Debug|Any CPU = Debug|Any CPU
		Release|Any CPU = Release|Any CPU
	EndGlobalSection
	GlobalSection(ProjectConfigurationPlatforms) = postSolution
		{3ED924A9-0A05-4BCE-8AAC-D6B07CF86491}.Debug|Any CPU.ActiveCfg = Debug|Any CPU
		{3ED924A9-0A05-4BCE-8AAC-D6B07CF86491}.Debug|Any CPU.Build.0 = Debug|Any CPU
		{3ED924A9-0A05-4BCE-8AAC-D6B07CF86491}.Release|Any CPU.ActiveCfg = Release|Any CPU
		{3ED924A9-0A05-4BCE-8AAC-D6B07CF86491}.Release|Any CPU.Build.0 = Release|Any CPU
	EndGlobalSection
	GlobalSection(SolutionProperties) = preSolution
		HideSolutionNode = FALSE
	EndGlobalSection
EndGlobal
