
Microsoft Visual Studio Solution File, Format Version 12.00
# Visual Studio 15
VisualStudioVersion = 15.0.26430.6
MinimumVisualStudioVersion = 10.0.40219.1
Project("{9092AA53-FB77-4645-B42D-1CCCA6BD08BD}") = "01.PrintArrayWithGivenDelimiter", "01.PrintArrayWithGivenDelimiter\01.PrintArrayWithGivenDelimiter.njsproj", "{D3F19150-906D-44DE-B374-89201F1F115A}"
EndProject
Global
	GlobalSection(SolutionConfigurationPlatforms) = preSolution
		Debug|Any CPU = Debug|Any CPU
		Release|Any CPU = Release|Any CPU
	EndGlobalSection
	GlobalSection(ProjectConfigurationPlatforms) = postSolution
		{D3F19150-906D-44DE-B374-89201F1F115A}.Debug|Any CPU.ActiveCfg = Debug|Any CPU
		{D3F19150-906D-44DE-B374-89201F1F115A}.Debug|Any CPU.Build.0 = Debug|Any CPU
		{D3F19150-906D-44DE-B374-89201F1F115A}.Release|Any CPU.ActiveCfg = Release|Any CPU
		{D3F19150-906D-44DE-B374-89201F1F115A}.Release|Any CPU.Build.0 = Release|Any CPU
	EndGlobalSection
	GlobalSection(SolutionProperties) = preSolution
		HideSolutionNode = FALSE
	EndGlobalSection
EndGlobal
