
Microsoft Visual Studio Solution File, Format Version 12.00
# Visual Studio 15
VisualStudioVersion = 15.0.27428.2015
MinimumVisualStudioVersion = 10.0.40219.1
Project("{FAE04EC0-301F-11D3-BF4B-00C04F79EFBC}") = "Scale", "Scale\Scale.csproj", "{7DB77C0C-517E-4B40-B745-B696EB40BEAA}"
EndProject
Global
	GlobalSection(SolutionConfigurationPlatforms) = preSolution
		Debug|Any CPU = Debug|Any CPU
		Release|Any CPU = Release|Any CPU
	EndGlobalSection
	GlobalSection(ProjectConfigurationPlatforms) = postSolution
		{7DB77C0C-517E-4B40-B745-B696EB40BEAA}.Debug|Any CPU.ActiveCfg = Debug|Any CPU
		{7DB77C0C-517E-4B40-B745-B696EB40BEAA}.Debug|Any CPU.Build.0 = Debug|Any CPU
		{7DB77C0C-517E-4B40-B745-B696EB40BEAA}.Release|Any CPU.ActiveCfg = Release|Any CPU
		{7DB77C0C-517E-4B40-B745-B696EB40BEAA}.Release|Any CPU.Build.0 = Release|Any CPU
	EndGlobalSection
	GlobalSection(SolutionProperties) = preSolution
		HideSolutionNode = FALSE
	EndGlobalSection
	GlobalSection(ExtensibilityGlobals) = postSolution
		SolutionGuid = {15EE590B-B7AD-45BC-98B7-0BDF4EBD9E1D}
	EndGlobalSection
EndGlobal
