
Microsoft Visual Studio Solution File, Format Version 12.00
# Visual Studio 15
VisualStudioVersion = 15.0.27703.2042
MinimumVisualStudioVersion = 10.0.40219.1
Project("{FAE04EC0-301F-11D3-BF4B-00C04F79EFBC}") = "MyLibrary", "MyLibrary\MyLibrary.csproj", "{39D44F0E-8DA9-442C-B7F5-22A713570A47}"
EndProject
Project("{FAE04EC0-301F-11D3-BF4B-00C04F79EFBC}") = "MyLibrary.Models", "MyLibrary.Models\MyLibrary.Models.csproj", "{FF27A1C4-9061-4655-9E0F-35C023855E6C}"
EndProject
Project("{FAE04EC0-301F-11D3-BF4B-00C04F79EFBC}") = "MyLibrary.Data", "MyLibrary.Data\MyLibrary.Data.csproj", "{968DB3F6-2BAB-4D1E-94EE-9644269BD472}"
EndProject
Project("{FAE04EC0-301F-11D3-BF4B-00C04F79EFBC}") = "MyLibrary.Services", "MyLibrary.Services\MyLibrary.Services.csproj", "{94793E80-577D-4FFB-9003-30EB730AAED9}"
EndProject
Global
	GlobalSection(SolutionConfigurationPlatforms) = preSolution
		Debug|Any CPU = Debug|Any CPU
		Release|Any CPU = Release|Any CPU
	EndGlobalSection
	GlobalSection(ProjectConfigurationPlatforms) = postSolution
		{39D44F0E-8DA9-442C-B7F5-22A713570A47}.Debug|Any CPU.ActiveCfg = Debug|Any CPU
		{39D44F0E-8DA9-442C-B7F5-22A713570A47}.Debug|Any CPU.Build.0 = Debug|Any CPU
		{39D44F0E-8DA9-442C-B7F5-22A713570A47}.Release|Any CPU.ActiveCfg = Release|Any CPU
		{39D44F0E-8DA9-442C-B7F5-22A713570A47}.Release|Any CPU.Build.0 = Release|Any CPU
		{FF27A1C4-9061-4655-9E0F-35C023855E6C}.Debug|Any CPU.ActiveCfg = Debug|Any CPU
		{FF27A1C4-9061-4655-9E0F-35C023855E6C}.Debug|Any CPU.Build.0 = Debug|Any CPU
		{FF27A1C4-9061-4655-9E0F-35C023855E6C}.Release|Any CPU.ActiveCfg = Release|Any CPU
		{FF27A1C4-9061-4655-9E0F-35C023855E6C}.Release|Any CPU.Build.0 = Release|Any CPU
		{968DB3F6-2BAB-4D1E-94EE-9644269BD472}.Debug|Any CPU.ActiveCfg = Debug|Any CPU
		{968DB3F6-2BAB-4D1E-94EE-9644269BD472}.Debug|Any CPU.Build.0 = Debug|Any CPU
		{968DB3F6-2BAB-4D1E-94EE-9644269BD472}.Release|Any CPU.ActiveCfg = Release|Any CPU
		{968DB3F6-2BAB-4D1E-94EE-9644269BD472}.Release|Any CPU.Build.0 = Release|Any CPU
		{94793E80-577D-4FFB-9003-30EB730AAED9}.Debug|Any CPU.ActiveCfg = Debug|Any CPU
		{94793E80-577D-4FFB-9003-30EB730AAED9}.Debug|Any CPU.Build.0 = Debug|Any CPU
		{94793E80-577D-4FFB-9003-30EB730AAED9}.Release|Any CPU.ActiveCfg = Release|Any CPU
		{94793E80-577D-4FFB-9003-30EB730AAED9}.Release|Any CPU.Build.0 = Release|Any CPU
	EndGlobalSection
	GlobalSection(SolutionProperties) = preSolution
		HideSolutionNode = FALSE
	EndGlobalSection
	GlobalSection(ExtensibilityGlobals) = postSolution
		SolutionGuid = {8FBFED1E-3F74-4979-80F4-540FC76760A8}
	EndGlobalSection
EndGlobal
