
Microsoft Visual Studio Solution File, Format Version 12.00
# Visual Studio 15
VisualStudioVersion = 15.0.28010.0
MinimumVisualStudioVersion = 10.0.40219.1
Project("{FAE04EC0-301F-11D3-BF4B-00C04F79EFBC}") = "MeTube", "MeTube\MeTube.csproj", "{02F4C2E7-5041-4C57-8086-BB2BD87DDFC4}"
EndProject
Project("{FAE04EC0-301F-11D3-BF4B-00C04F79EFBC}") = "WebServer", "WebServer\WebServer.csproj", "{FFB289CA-583B-4A3C-A019-27D33DAED9B6}"
EndProject
Project("{FAE04EC0-301F-11D3-BF4B-00C04F79EFBC}") = "SimpleMvc.Framework", "SimpleMvc.Framework\SimpleMvc.Framework.csproj", "{2D7BE6CA-65D0-4BC1-8430-C41ABE8E8F26}"
EndProject
Project("{FAE04EC0-301F-11D3-BF4B-00C04F79EFBC}") = "SimpleMvc.Common", "SimpleMvc.Common\SimpleMvc.Common.csproj", "{7C0BA4B5-6403-4463-AC49-A530654E5BEC}"
EndProject
Project("{FAE04EC0-301F-11D3-BF4B-00C04F79EFBC}") = "MeTube.Models", "MeTube.Models\MeTube.Models.csproj", "{6C06470D-FF28-41D8-B77C-DCCC9C851E91}"
EndProject
Project("{FAE04EC0-301F-11D3-BF4B-00C04F79EFBC}") = "MeTube.Data", "MeTube.Data\MeTube.Data.csproj", "{C95C964E-2872-4812-8DD4-0699E90340FD}"
EndProject
Global
	GlobalSection(SolutionConfigurationPlatforms) = preSolution
		Debug|Any CPU = Debug|Any CPU
		Release|Any CPU = Release|Any CPU
	EndGlobalSection
	GlobalSection(ProjectConfigurationPlatforms) = postSolution
		{02F4C2E7-5041-4C57-8086-BB2BD87DDFC4}.Debug|Any CPU.ActiveCfg = Debug|Any CPU
		{02F4C2E7-5041-4C57-8086-BB2BD87DDFC4}.Debug|Any CPU.Build.0 = Debug|Any CPU
		{02F4C2E7-5041-4C57-8086-BB2BD87DDFC4}.Release|Any CPU.ActiveCfg = Release|Any CPU
		{02F4C2E7-5041-4C57-8086-BB2BD87DDFC4}.Release|Any CPU.Build.0 = Release|Any CPU
		{FFB289CA-583B-4A3C-A019-27D33DAED9B6}.Debug|Any CPU.ActiveCfg = Debug|Any CPU
		{FFB289CA-583B-4A3C-A019-27D33DAED9B6}.Debug|Any CPU.Build.0 = Debug|Any CPU
		{FFB289CA-583B-4A3C-A019-27D33DAED9B6}.Release|Any CPU.ActiveCfg = Release|Any CPU
		{FFB289CA-583B-4A3C-A019-27D33DAED9B6}.Release|Any CPU.Build.0 = Release|Any CPU
		{2D7BE6CA-65D0-4BC1-8430-C41ABE8E8F26}.Debug|Any CPU.ActiveCfg = Debug|Any CPU
		{2D7BE6CA-65D0-4BC1-8430-C41ABE8E8F26}.Debug|Any CPU.Build.0 = Debug|Any CPU
		{2D7BE6CA-65D0-4BC1-8430-C41ABE8E8F26}.Release|Any CPU.ActiveCfg = Release|Any CPU
		{2D7BE6CA-65D0-4BC1-8430-C41ABE8E8F26}.Release|Any CPU.Build.0 = Release|Any CPU
		{7C0BA4B5-6403-4463-AC49-A530654E5BEC}.Debug|Any CPU.ActiveCfg = Debug|Any CPU
		{7C0BA4B5-6403-4463-AC49-A530654E5BEC}.Debug|Any CPU.Build.0 = Debug|Any CPU
		{7C0BA4B5-6403-4463-AC49-A530654E5BEC}.Release|Any CPU.ActiveCfg = Release|Any CPU
		{7C0BA4B5-6403-4463-AC49-A530654E5BEC}.Release|Any CPU.Build.0 = Release|Any CPU
		{6C06470D-FF28-41D8-B77C-DCCC9C851E91}.Debug|Any CPU.ActiveCfg = Debug|Any CPU
		{6C06470D-FF28-41D8-B77C-DCCC9C851E91}.Debug|Any CPU.Build.0 = Debug|Any CPU
		{6C06470D-FF28-41D8-B77C-DCCC9C851E91}.Release|Any CPU.ActiveCfg = Release|Any CPU
		{6C06470D-FF28-41D8-B77C-DCCC9C851E91}.Release|Any CPU.Build.0 = Release|Any CPU
		{C95C964E-2872-4812-8DD4-0699E90340FD}.Debug|Any CPU.ActiveCfg = Debug|Any CPU
		{C95C964E-2872-4812-8DD4-0699E90340FD}.Debug|Any CPU.Build.0 = Debug|Any CPU
		{C95C964E-2872-4812-8DD4-0699E90340FD}.Release|Any CPU.ActiveCfg = Release|Any CPU
		{C95C964E-2872-4812-8DD4-0699E90340FD}.Release|Any CPU.Build.0 = Release|Any CPU
	EndGlobalSection
	GlobalSection(SolutionProperties) = preSolution
		HideSolutionNode = FALSE
	EndGlobalSection
	GlobalSection(ExtensibilityGlobals) = postSolution
		SolutionGuid = {A52CFCBB-59D5-407E-BD42-F15F3BD4B51F}
	EndGlobalSection
EndGlobal
