
Microsoft Visual Studio Solution File, Format Version 12.00
# Visual Studio 15
VisualStudioVersion = 15.0.28010.0
MinimumVisualStudioVersion = 10.0.40219.1
Project("{FAE04EC0-301F-11D3-BF4B-00C04F79EFBC}") = "MeTube", "MeTube\MeTube.csproj", "{176EB35B-087E-4094-8583-2412B925797F}"
EndProject
Project("{FAE04EC0-301F-11D3-BF4B-00C04F79EFBC}") = "WebServer", "WebServer\WebServer.csproj", "{2E7802C0-B5FF-4E39-BB93-BDEC36223677}"
EndProject
Project("{FAE04EC0-301F-11D3-BF4B-00C04F79EFBC}") = "SimpleMvc.Framework", "SimpleMvc.Framework\SimpleMvc.Framework.csproj", "{DBBF5B6A-A809-46E8-A75E-BE62A55E4982}"
EndProject
Project("{FAE04EC0-301F-11D3-BF4B-00C04F79EFBC}") = "SimpleMvc.Common", "SimpleMvc.Common\SimpleMvc.Common.csproj", "{1530B4E2-A6A6-40B4-9269-81CBC95CAEF9}"
EndProject
Project("{FAE04EC0-301F-11D3-BF4B-00C04F79EFBC}") = "MeTube.Data", "MeTube.Data\MeTube.Data.csproj", "{10785F49-A5B4-4B42-8866-D0D32932139D}"
EndProject
Project("{FAE04EC0-301F-11D3-BF4B-00C04F79EFBC}") = "MeTube.Models", "MeTube.Models\MeTube.Models.csproj", "{DFAB22B3-D785-48DD-B50B-352A6D0B7AF2}"
EndProject
Global
	GlobalSection(SolutionConfigurationPlatforms) = preSolution
		Debug|Any CPU = Debug|Any CPU
		Release|Any CPU = Release|Any CPU
	EndGlobalSection
	GlobalSection(ProjectConfigurationPlatforms) = postSolution
		{176EB35B-087E-4094-8583-2412B925797F}.Debug|Any CPU.ActiveCfg = Debug|Any CPU
		{176EB35B-087E-4094-8583-2412B925797F}.Debug|Any CPU.Build.0 = Debug|Any CPU
		{176EB35B-087E-4094-8583-2412B925797F}.Release|Any CPU.ActiveCfg = Release|Any CPU
		{176EB35B-087E-4094-8583-2412B925797F}.Release|Any CPU.Build.0 = Release|Any CPU
		{2E7802C0-B5FF-4E39-BB93-BDEC36223677}.Debug|Any CPU.ActiveCfg = Debug|Any CPU
		{2E7802C0-B5FF-4E39-BB93-BDEC36223677}.Debug|Any CPU.Build.0 = Debug|Any CPU
		{2E7802C0-B5FF-4E39-BB93-BDEC36223677}.Release|Any CPU.ActiveCfg = Release|Any CPU
		{2E7802C0-B5FF-4E39-BB93-BDEC36223677}.Release|Any CPU.Build.0 = Release|Any CPU
		{DBBF5B6A-A809-46E8-A75E-BE62A55E4982}.Debug|Any CPU.ActiveCfg = Debug|Any CPU
		{DBBF5B6A-A809-46E8-A75E-BE62A55E4982}.Debug|Any CPU.Build.0 = Debug|Any CPU
		{DBBF5B6A-A809-46E8-A75E-BE62A55E4982}.Release|Any CPU.ActiveCfg = Release|Any CPU
		{DBBF5B6A-A809-46E8-A75E-BE62A55E4982}.Release|Any CPU.Build.0 = Release|Any CPU
		{1530B4E2-A6A6-40B4-9269-81CBC95CAEF9}.Debug|Any CPU.ActiveCfg = Debug|Any CPU
		{1530B4E2-A6A6-40B4-9269-81CBC95CAEF9}.Debug|Any CPU.Build.0 = Debug|Any CPU
		{1530B4E2-A6A6-40B4-9269-81CBC95CAEF9}.Release|Any CPU.ActiveCfg = Release|Any CPU
		{1530B4E2-A6A6-40B4-9269-81CBC95CAEF9}.Release|Any CPU.Build.0 = Release|Any CPU
		{10785F49-A5B4-4B42-8866-D0D32932139D}.Debug|Any CPU.ActiveCfg = Debug|Any CPU
		{10785F49-A5B4-4B42-8866-D0D32932139D}.Debug|Any CPU.Build.0 = Debug|Any CPU
		{10785F49-A5B4-4B42-8866-D0D32932139D}.Release|Any CPU.ActiveCfg = Release|Any CPU
		{10785F49-A5B4-4B42-8866-D0D32932139D}.Release|Any CPU.Build.0 = Release|Any CPU
		{DFAB22B3-D785-48DD-B50B-352A6D0B7AF2}.Debug|Any CPU.ActiveCfg = Debug|Any CPU
		{DFAB22B3-D785-48DD-B50B-352A6D0B7AF2}.Debug|Any CPU.Build.0 = Debug|Any CPU
		{DFAB22B3-D785-48DD-B50B-352A6D0B7AF2}.Release|Any CPU.ActiveCfg = Release|Any CPU
		{DFAB22B3-D785-48DD-B50B-352A6D0B7AF2}.Release|Any CPU.Build.0 = Release|Any CPU
	EndGlobalSection
	GlobalSection(SolutionProperties) = preSolution
		HideSolutionNode = FALSE
	EndGlobalSection
	GlobalSection(ExtensibilityGlobals) = postSolution
		SolutionGuid = {89EE46D8-BA9D-4B0B-9C7E-6764DC1189C1}
	EndGlobalSection
EndGlobal
