
Microsoft Visual Studio Solution File, Format Version 12.00
# Visual Studio 15
VisualStudioVersion = 15.0.27428.2015
MinimumVisualStudioVersion = 10.0.40219.1
Project("{FAE04EC0-301F-11D3-BF4B-00C04F79EFBC}") = "Froggy", "Froggy\Froggy.csproj", "{0C612D69-BD50-4B3C-A037-E88D594F9322}"
EndProject
Global
	GlobalSection(SolutionConfigurationPlatforms) = preSolution
		Debug|Any CPU = Debug|Any CPU
		Release|Any CPU = Release|Any CPU
	EndGlobalSection
	GlobalSection(ProjectConfigurationPlatforms) = postSolution
		{0C612D69-BD50-4B3C-A037-E88D594F9322}.Debug|Any CPU.ActiveCfg = Debug|Any CPU
		{0C612D69-BD50-4B3C-A037-E88D594F9322}.Debug|Any CPU.Build.0 = Debug|Any CPU
		{0C612D69-BD50-4B3C-A037-E88D594F9322}.Release|Any CPU.ActiveCfg = Release|Any CPU
		{0C612D69-BD50-4B3C-A037-E88D594F9322}.Release|Any CPU.Build.0 = Release|Any CPU
	EndGlobalSection
	GlobalSection(SolutionProperties) = preSolution
		HideSolutionNode = FALSE
	EndGlobalSection
	GlobalSection(ExtensibilityGlobals) = postSolution
		SolutionGuid = {A85A8139-24A3-4F7F-B19B-7A540057DAA1}
	EndGlobalSection
EndGlobal
