
Microsoft Visual Studio Solution File, Format Version 12.00
# Visual Studio 15
VisualStudioVersion = 15.0.26430.6
MinimumVisualStudioVersion = 10.0.40219.1
Project("{FAE04EC0-301F-11D3-BF4B-00C04F79EFBC}") = "07.FruitShop", "07.FruitShop\07.FruitShop.csproj", "{2F0DF4BE-2DDC-4BCB-AC19-5BBE0E4ADDA0}"
EndProject
Global
	GlobalSection(SolutionConfigurationPlatforms) = preSolution
		Debug|Any CPU = Debug|Any CPU
		Release|Any CPU = Release|Any CPU
	EndGlobalSection
	GlobalSection(ProjectConfigurationPlatforms) = postSolution
		{2F0DF4BE-2DDC-4BCB-AC19-5BBE0E4ADDA0}.Debug|Any CPU.ActiveCfg = Debug|Any CPU
		{2F0DF4BE-2DDC-4BCB-AC19-5BBE0E4ADDA0}.Debug|Any CPU.Build.0 = Debug|Any CPU
		{2F0DF4BE-2DDC-4BCB-AC19-5BBE0E4ADDA0}.Release|Any CPU.ActiveCfg = Release|Any CPU
		{2F0DF4BE-2DDC-4BCB-AC19-5BBE0E4ADDA0}.Release|Any CPU.Build.0 = Release|Any CPU
	EndGlobalSection
	GlobalSection(SolutionProperties) = preSolution
		HideSolutionNode = FALSE
	EndGlobalSection
EndGlobal
