
Microsoft Visual Studio Solution File, Format Version 12.00
# Visual Studio 15
VisualStudioVersion = 15.0.27428.2015
MinimumVisualStudioVersion = 10.0.40219.1
Project("{FAE04EC0-301F-11D3-BF4B-00C04F79EFBC}") = "ValidateUrl", "ValidateUrl\ValidateUrl.csproj", "{F824AD76-81A3-410F-AB0F-D17300B58E8B}"
EndProject
Global
	GlobalSection(SolutionConfigurationPlatforms) = preSolution
		Debug|Any CPU = Debug|Any CPU
		Release|Any CPU = Release|Any CPU
	EndGlobalSection
	GlobalSection(ProjectConfigurationPlatforms) = postSolution
		{F824AD76-81A3-410F-AB0F-D17300B58E8B}.Debug|Any CPU.ActiveCfg = Debug|Any CPU
		{F824AD76-81A3-410F-AB0F-D17300B58E8B}.Debug|Any CPU.Build.0 = Debug|Any CPU
		{F824AD76-81A3-410F-AB0F-D17300B58E8B}.Release|Any CPU.ActiveCfg = Release|Any CPU
		{F824AD76-81A3-410F-AB0F-D17300B58E8B}.Release|Any CPU.Build.0 = Release|Any CPU
	EndGlobalSection
	GlobalSection(SolutionProperties) = preSolution
		HideSolutionNode = FALSE
	EndGlobalSection
	GlobalSection(ExtensibilityGlobals) = postSolution
		SolutionGuid = {57B13718-8368-4150-AA37-5889A8EDC9F2}
	EndGlobalSection
EndGlobal
